
Microsoft Visual Studio Solution File, Format Version 10.00
# Visual Studio 2008
Project("{8BC9CEB8-8B4A-11D0-8D11-00A0C91BC942}") = "idea", "src\idea\idea.vcproj", "{70B7D498-EC2F-474E-AE52-7A56100200F7}"
EndProject
Project("{8BC9CEB8-8B4A-11D0-8D11-00A0C91BC942}") = "slrsa_test", "src\slrsa\slrsa_test.vcproj", "{AF78E351-2A6C-433C-979E-16E95EA048D9}"
	ProjectSection(ProjectDependencies) = postProject
		{95A2D8A7-497C-4B00-B84A-0498B3EEE093} = {95A2D8A7-497C-4B00-B84A-0498B3EEE093}
	EndProjectSection
EndProject
Project("{8BC9CEB8-8B4A-11D0-8D11-00A0C91BC942}") = "slrsa", "src\slrsa\libslrsa.vcproj", "{95A2D8A7-497C-4B00-B84A-0498B3EEE093}"
EndProject
Project("{2150E333-8FDC-42A3-9474-1A3956D46DE8}") = "misc", "misc", "{06E81E78-0EAD-4F56-9700-DD505EC6EEF3}"
EndProject
Project("{8BC9CEB8-8B4A-11D0-8D11-00A0C91BC942}") = "osl", "src\osl\src\osl.vcproj", "{280D398D-DBE0-4484-B9AF-3164D50AF20B}"
EndProject
Project("{8BC9CEB8-8B4A-11D0-8D11-00A0C91BC942}") = "net", "src\net\src\net.vcproj", "{545A4966-C071-445C-92E3-902D6355BF4F}"
	ProjectSection(ProjectDependencies) = postProject
		{280D398D-DBE0-4484-B9AF-3164D50AF20B} = {280D398D-DBE0-4484-B9AF-3164D50AF20B}
	EndProjectSection
EndProject
Project("{8BC9CEB8-8B4A-11D0-8D11-00A0C91BC942}") = "apputil", "src\apputil\src\apputil.vcproj", "{0F24691A-2999-469C-9EB3-0831B4CAA6AE}"
	ProjectSection(ProjectDependencies) = postProject
		{545A4966-C071-445C-92E3-902D6355BF4F} = {545A4966-C071-445C-92E3-902D6355BF4F}
	EndProjectSection
EndProject
Project("{8BC9CEB8-8B4A-11D0-8D11-00A0C91BC942}") = "libtest", "src\libtest\src\libtest.vcproj", "{95DD7727-165E-4957-96C6-59DD087C1C4F}"
	ProjectSection(ProjectDependencies) = postProject
		{0F24691A-2999-469C-9EB3-0831B4CAA6AE} = {0F24691A-2999-469C-9EB3-0831B4CAA6AE}
		{4935AB35-2C8A-4154-A03B-BCCC8155E90F} = {4935AB35-2C8A-4154-A03B-BCCC8155E90F}
	EndProjectSection
EndProject
Project("{2150E333-8FDC-42A3-9474-1A3956D46DE8}") = "test", "test", "{FEE62F5D-9FAC-4B8B-A082-486ADFA8AA4D}"
EndProject
Project("{8BC9CEB8-8B4A-11D0-8D11-00A0C91BC942}") = "wraputil", "src\wraputil\src\wraputil.vcproj", "{4935AB35-2C8A-4154-A03B-BCCC8155E90F}"
	ProjectSection(ProjectDependencies) = postProject
		{280D398D-DBE0-4484-B9AF-3164D50AF20B} = {280D398D-DBE0-4484-B9AF-3164D50AF20B}
	EndProjectSection
EndProject
Project("{8BC9CEB8-8B4A-11D0-8D11-00A0C91BC942}") = "osl-test", "src\osl\test\test.vcproj", "{2357E1F5-99F4-486F-84BF-B0D95B3E0F23}"
	ProjectSection(ProjectDependencies) = postProject
		{280D398D-DBE0-4484-B9AF-3164D50AF20B} = {280D398D-DBE0-4484-B9AF-3164D50AF20B}
	EndProjectSection
EndProject
Project("{8BC9CEB8-8B4A-11D0-8D11-00A0C91BC942}") = "netproto", "src\netproto\src\netproto.vcproj", "{91737B2D-F3C6-465F-939F-42CCA7AB9E99}"
	ProjectSection(ProjectDependencies) = postProject
		{70B7D498-EC2F-474E-AE52-7A56100200F7} = {70B7D498-EC2F-474E-AE52-7A56100200F7}
		{95A2D8A7-497C-4B00-B84A-0498B3EEE093} = {95A2D8A7-497C-4B00-B84A-0498B3EEE093}
	EndProjectSection
EndProject
Project("{8BC9CEB8-8B4A-11D0-8D11-00A0C91BC942}") = "netproto-test", "src\netproto\test\test.vcproj", "{DEC611A6-D17F-4886-B658-281DD8A14597}"
	ProjectSection(ProjectDependencies) = postProject
		{91737B2D-F3C6-465F-939F-42CCA7AB9E99} = {91737B2D-F3C6-465F-939F-42CCA7AB9E99}
	EndProjectSection
EndProject
Project("{8BC9CEB8-8B4A-11D0-8D11-00A0C91BC942}") = "mkslrsa", "src\mkslrsa\libmkslrsa.vcproj", "{0D49170C-D286-46F2-B87B-C5B2D02E72AC}"
EndProject
Project("{2150E333-8FDC-42A3-9474-1A3956D46DE8}") = "slrsa-test", "slrsa-test", "{DC36077A-9A15-43D0-AA21-0CF3A2E1C0BC}"
EndProject
Project("{8BC9CEB8-8B4A-11D0-8D11-00A0C91BC942}") = "mkslrsa_test", "src\mkslrsa\mkslrsa_test.vcproj", "{511DF2CF-33B0-41DD-B0D0-2EF1E9084122}"
	ProjectSection(ProjectDependencies) = postProject
		{0D49170C-D286-46F2-B87B-C5B2D02E72AC} = {0D49170C-D286-46F2-B87B-C5B2D02E72AC}
		{91737B2D-F3C6-465F-939F-42CCA7AB9E99} = {91737B2D-F3C6-465F-939F-42CCA7AB9E99}
		{95A2D8A7-497C-4B00-B84A-0498B3EEE093} = {95A2D8A7-497C-4B00-B84A-0498B3EEE093}
	EndProjectSection
EndProject
Project("{8BC9CEB8-8B4A-11D0-8D11-00A0C91BC942}") = "netproto-request-sample", "src\netproto\request_sample\request_sample.vcproj", "{659ABF84-515D-43B2-97E1-B8C9F2938808}"
	ProjectSection(ProjectDependencies) = postProject
		{91737B2D-F3C6-465F-939F-42CCA7AB9E99} = {91737B2D-F3C6-465F-939F-42CCA7AB9E99}
	EndProjectSection
EndProject
Global
	GlobalSection(SolutionConfigurationPlatforms) = preSolution
		Debug|Win32 = Debug|Win32
		Release|Win32 = Release|Win32
	EndGlobalSection
	GlobalSection(ProjectConfigurationPlatforms) = postSolution
		{70B7D498-EC2F-474E-AE52-7A56100200F7}.Debug|Win32.ActiveCfg = Debug|Win32
		{70B7D498-EC2F-474E-AE52-7A56100200F7}.Debug|Win32.Build.0 = Debug|Win32
		{70B7D498-EC2F-474E-AE52-7A56100200F7}.Release|Win32.ActiveCfg = Release|Win32
		{70B7D498-EC2F-474E-AE52-7A56100200F7}.Release|Win32.Build.0 = Release|Win32
		{AF78E351-2A6C-433C-979E-16E95EA048D9}.Debug|Win32.ActiveCfg = Debug|Win32
		{AF78E351-2A6C-433C-979E-16E95EA048D9}.Debug|Win32.Build.0 = Debug|Win32
		{AF78E351-2A6C-433C-979E-16E95EA048D9}.Release|Win32.ActiveCfg = Release|Win32
		{AF78E351-2A6C-433C-979E-16E95EA048D9}.Release|Win32.Build.0 = Release|Win32
		{95A2D8A7-497C-4B00-B84A-0498B3EEE093}.Debug|Win32.ActiveCfg = Debug|Win32
		{95A2D8A7-497C-4B00-B84A-0498B3EEE093}.Debug|Win32.Build.0 = Debug|Win32
		{95A2D8A7-497C-4B00-B84A-0498B3EEE093}.Release|Win32.ActiveCfg = Release|Win32
		{95A2D8A7-497C-4B00-B84A-0498B3EEE093}.Release|Win32.Build.0 = Release|Win32
		{280D398D-DBE0-4484-B9AF-3164D50AF20B}.Debug|Win32.ActiveCfg = Debug|Win32
		{280D398D-DBE0-4484-B9AF-3164D50AF20B}.Debug|Win32.Build.0 = Debug|Win32
		{280D398D-DBE0-4484-B9AF-3164D50AF20B}.Release|Win32.ActiveCfg = Release|Win32
		{280D398D-DBE0-4484-B9AF-3164D50AF20B}.Release|Win32.Build.0 = Release|Win32
		{545A4966-C071-445C-92E3-902D6355BF4F}.Debug|Win32.ActiveCfg = Debug|Win32
		{545A4966-C071-445C-92E3-902D6355BF4F}.Debug|Win32.Build.0 = Debug|Win32
		{545A4966-C071-445C-92E3-902D6355BF4F}.Release|Win32.ActiveCfg = Release|Win32
		{545A4966-C071-445C-92E3-902D6355BF4F}.Release|Win32.Build.0 = Release|Win32
		{0F24691A-2999-469C-9EB3-0831B4CAA6AE}.Debug|Win32.ActiveCfg = Debug|Win32
		{0F24691A-2999-469C-9EB3-0831B4CAA6AE}.Debug|Win32.Build.0 = Debug|Win32
		{0F24691A-2999-469C-9EB3-0831B4CAA6AE}.Release|Win32.ActiveCfg = Release|Win32
		{0F24691A-2999-469C-9EB3-0831B4CAA6AE}.Release|Win32.Build.0 = Release|Win32
		{95DD7727-165E-4957-96C6-59DD087C1C4F}.Debug|Win32.ActiveCfg = Debug|Win32
		{95DD7727-165E-4957-96C6-59DD087C1C4F}.Debug|Win32.Build.0 = Debug|Win32
		{95DD7727-165E-4957-96C6-59DD087C1C4F}.Release|Win32.ActiveCfg = Release|Win32
		{95DD7727-165E-4957-96C6-59DD087C1C4F}.Release|Win32.Build.0 = Release|Win32
		{4935AB35-2C8A-4154-A03B-BCCC8155E90F}.Debug|Win32.ActiveCfg = Debug|Win32
		{4935AB35-2C8A-4154-A03B-BCCC8155E90F}.Debug|Win32.Build.0 = Debug|Win32
		{4935AB35-2C8A-4154-A03B-BCCC8155E90F}.Release|Win32.ActiveCfg = Release|Win32
		{4935AB35-2C8A-4154-A03B-BCCC8155E90F}.Release|Win32.Build.0 = Release|Win32
		{2357E1F5-99F4-486F-84BF-B0D95B3E0F23}.Debug|Win32.ActiveCfg = Debug|Win32
		{2357E1F5-99F4-486F-84BF-B0D95B3E0F23}.Debug|Win32.Build.0 = Debug|Win32
		{2357E1F5-99F4-486F-84BF-B0D95B3E0F23}.Release|Win32.ActiveCfg = Release|Win32
		{2357E1F5-99F4-486F-84BF-B0D95B3E0F23}.Release|Win32.Build.0 = Release|Win32
		{91737B2D-F3C6-465F-939F-42CCA7AB9E99}.Debug|Win32.ActiveCfg = Debug|Win32
		{91737B2D-F3C6-465F-939F-42CCA7AB9E99}.Debug|Win32.Build.0 = Debug|Win32
		{91737B2D-F3C6-465F-939F-42CCA7AB9E99}.Release|Win32.ActiveCfg = Release|Win32
		{91737B2D-F3C6-465F-939F-42CCA7AB9E99}.Release|Win32.Build.0 = Release|Win32
		{DEC611A6-D17F-4886-B658-281DD8A14597}.Debug|Win32.ActiveCfg = Debug|Win32
		{DEC611A6-D17F-4886-B658-281DD8A14597}.Debug|Win32.Build.0 = Debug|Win32
		{DEC611A6-D17F-4886-B658-281DD8A14597}.Release|Win32.ActiveCfg = Release|Win32
		{DEC611A6-D17F-4886-B658-281DD8A14597}.Release|Win32.Build.0 = Release|Win32
		{0D49170C-D286-46F2-B87B-C5B2D02E72AC}.Debug|Win32.ActiveCfg = Debug|Win32
		{0D49170C-D286-46F2-B87B-C5B2D02E72AC}.Debug|Win32.Build.0 = Debug|Win32
		{0D49170C-D286-46F2-B87B-C5B2D02E72AC}.Release|Win32.ActiveCfg = Release|Win32
		{0D49170C-D286-46F2-B87B-C5B2D02E72AC}.Release|Win32.Build.0 = Release|Win32
		{511DF2CF-33B0-41DD-B0D0-2EF1E9084122}.Debug|Win32.ActiveCfg = Debug|Win32
		{511DF2CF-33B0-41DD-B0D0-2EF1E9084122}.Debug|Win32.Build.0 = Debug|Win32
		{511DF2CF-33B0-41DD-B0D0-2EF1E9084122}.Release|Win32.ActiveCfg = Release|Win32
		{511DF2CF-33B0-41DD-B0D0-2EF1E9084122}.Release|Win32.Build.0 = Release|Win32
		{659ABF84-515D-43B2-97E1-B8C9F2938808}.Debug|Win32.ActiveCfg = Debug|Win32
		{659ABF84-515D-43B2-97E1-B8C9F2938808}.Debug|Win32.Build.0 = Debug|Win32
		{659ABF84-515D-43B2-97E1-B8C9F2938808}.Release|Win32.ActiveCfg = Release|Win32
		{659ABF84-515D-43B2-97E1-B8C9F2938808}.Release|Win32.Build.0 = Release|Win32
	EndGlobalSection
	GlobalSection(SolutionProperties) = preSolution
		HideSolutionNode = FALSE
	EndGlobalSection
	GlobalSection(NestedProjects) = preSolution
		{95A2D8A7-497C-4B00-B84A-0498B3EEE093} = {06E81E78-0EAD-4F56-9700-DD505EC6EEF3}
		{70B7D498-EC2F-474E-AE52-7A56100200F7} = {06E81E78-0EAD-4F56-9700-DD505EC6EEF3}
		{91737B2D-F3C6-465F-939F-42CCA7AB9E99} = {06E81E78-0EAD-4F56-9700-DD505EC6EEF3}
		{DEC611A6-D17F-4886-B658-281DD8A14597} = {06E81E78-0EAD-4F56-9700-DD505EC6EEF3}
		{659ABF84-515D-43B2-97E1-B8C9F2938808} = {06E81E78-0EAD-4F56-9700-DD505EC6EEF3}
		{95DD7727-165E-4957-96C6-59DD087C1C4F} = {FEE62F5D-9FAC-4B8B-A082-486ADFA8AA4D}
		{DC36077A-9A15-43D0-AA21-0CF3A2E1C0BC} = {FEE62F5D-9FAC-4B8B-A082-486ADFA8AA4D}
		{2357E1F5-99F4-486F-84BF-B0D95B3E0F23} = {FEE62F5D-9FAC-4B8B-A082-486ADFA8AA4D}
		{0D49170C-D286-46F2-B87B-C5B2D02E72AC} = {DC36077A-9A15-43D0-AA21-0CF3A2E1C0BC}
		{AF78E351-2A6C-433C-979E-16E95EA048D9} = {DC36077A-9A15-43D0-AA21-0CF3A2E1C0BC}
		{511DF2CF-33B0-41DD-B0D0-2EF1E9084122} = {DC36077A-9A15-43D0-AA21-0CF3A2E1C0BC}
	EndGlobalSection
EndGlobal
