
Microsoft Visual Studio Solution File, Format Version 10.00
# Visual Studio 2008
Project("{2150E333-8FDC-42A3-9474-1A3956D46DE8}") = "STL", "STL", "{C6AF63C8-2355-4C12-979D-685A48DD0B67}"
EndProject
Project("{2150E333-8FDC-42A3-9474-1A3956D46DE8}") = "OpenGL NeHe Tutorial", "OpenGL NeHe Tutorial", "{75539247-C00B-4462-B912-F7D6C2B7EF43}"
EndProject
Project("{8BC9CEB8-8B4A-11D0-8D11-00A0C91BC942}") = "Lesson_1_Create_Opengl_Window", "OpenGL\Lesson_1_Create_Opengl_Window\Lesson_1_Create_Opengl_Window.vcproj", "{032A5148-D1D0-419B-AF4D-AE67766FB4C6}"
EndProject
Project("{8BC9CEB8-8B4A-11D0-8D11-00A0C91BC942}") = "Lesson_1_Create_Opengl_Window_Refactor", "OpenGL\Lesson_1_Create_Opengl_Window_Refactor\Lesson_1_Create_Opengl_Window_Refactor.vcproj", "{1059E143-B736-4D79-8BE7-2AB68ABD74A7}"
EndProject
Project("{8BC9CEB8-8B4A-11D0-8D11-00A0C91BC942}") = "Lesson_2_Your_First_Polygon", "OpenGL\Lesson_2_Your_First_Polygon\Lesson_2_Your_First_Polygon.vcproj", "{A19F582C-BAD0-4AF6-9CFA-C9327E61A1F7}"
EndProject
Project("{8BC9CEB8-8B4A-11D0-8D11-00A0C91BC942}") = "Lesson_3_Add_Color", "OpenGL\Lesson_3_Add_Color\Lesson_3_Add_Color.vcproj", "{4B852D73-4827-4B37-B201-30119B0C6716}"
EndProject
Project("{8BC9CEB8-8B4A-11D0-8D11-00A0C91BC942}") = "functor", "STL\functor\functor.vcproj", "{7B6B296D-5AD8-413B-9F88-E8333E7342F9}"
EndProject
Project("{8BC9CEB8-8B4A-11D0-8D11-00A0C91BC942}") = "functor2", "STL\functor2\functor2.vcproj", "{B84596E2-17A0-4037-BA5F-1A895D6FC693}"
EndProject
Project("{8BC9CEB8-8B4A-11D0-8D11-00A0C91BC942}") = "Lesson_4_Rotate", "OpenGL\Lesson_4_Rotate\Lesson_4_Rotate.vcproj", "{67639A95-EDA4-44F9-B570-520F5FDFF066}"
EndProject
Project("{8BC9CEB8-8B4A-11D0-8D11-00A0C91BC942}") = "Lesson_5_3D_Shapes", "OpenGL\Lesson_5_3D_Shapes\Lesson_5_3D_Shapes.vcproj", "{2DA93019-9FC1-445D-8728-CD684D4593D9}"
EndProject
Project("{8BC9CEB8-8B4A-11D0-8D11-00A0C91BC942}") = "Lesson_6_Texture_Mapping", "OpenGL\Lesson_6_Texture_Mapping\Lesson_6_Texture_Mapping.vcproj", "{8409A702-6C5C-4388-8889-6EA6A70564F9}"
EndProject
Project("{8BC9CEB8-8B4A-11D0-8D11-00A0C91BC942}") = "Lesson_7_Texture_Filters_Lighting_Keyboard_Control", "OpenGL\Lesson_7_Texture_Filters_Lighting_Keyboard_Control\Lesson_7_Texture_Filters_Lighting_Keyboard_Control.vcproj", "{E59D65FA-D1FE-45AA-8586-AF364068B016}"
EndProject
Project("{2150E333-8FDC-42A3-9474-1A3956D46DE8}") = "OpenGL Programming Guide", "OpenGL Programming Guide", "{D141A9F5-EBF8-4993-B5FE-C7547AD1C7EB}"
EndProject
Project("{2150E333-8FDC-42A3-9474-1A3956D46DE8}") = "OpenGL Super Bible", "OpenGL Super Bible", "{4C107711-B67E-4AFA-8F54-897313734D76}"
EndProject
Project("{8BC9CEB8-8B4A-11D0-8D11-00A0C91BC942}") = "Light", "OpenGL_Programming_Guide\Light\Light.vcproj", "{E164C2D2-6D8E-4134-8231-27FD3517F1CA}"
EndProject
Project("{8BC9CEB8-8B4A-11D0-8D11-00A0C91BC942}") = "Chapter4_Atom", "OpenGL_Super_Bible\Chapter4_Atom\Chapter4_Atom.vcproj", "{2899B86A-B7AD-4C83-9D3C-33FBE3887BAA}"
EndProject
Project("{8BC9CEB8-8B4A-11D0-8D11-00A0C91BC942}") = "Chapter3_Line_stripper", "OpenGL_Super_Bible\Chapter3_Line_stripper\Chapter3_Line_stripper.vcproj", "{850A89ED-2573-4E80-97BD-B7C1CDCC80A8}"
EndProject
Project("{2150E333-8FDC-42A3-9474-1A3956D46DE8}") = "Test", "Test", "{B05677D3-D8E9-4F05-9EF7-D2C2B60BDF74}"
EndProject
Project("{8BC9CEB8-8B4A-11D0-8D11-00A0C91BC942}") = "Test", "CPP\Test\Test.vcproj", "{61575A20-C570-44C2-A576-F4A608AA3743}"
EndProject
Project("{8BC9CEB8-8B4A-11D0-8D11-00A0C91BC942}") = "Chapter4_sphere_world", "OpenGL_Super_Bible\Chapter4_sphere_world\Chapter4_sphere_world.vcproj", "{43A52A97-7ACC-4465-A898-F94151B2FDB5}"
EndProject
Project("{8BC9CEB8-8B4A-11D0-8D11-00A0C91BC942}") = "The_simple_world", "OpenGL_Super_Bible\The_simple_world\The_simple_world.vcproj", "{969CC638-2F1C-4AAF-BDF6-F29CD6FDF7C5}"
EndProject
Project("{2150E333-8FDC-42A3-9474-1A3956D46DE8}") = "Chapter5", "Chapter5", "{502C306C-86E2-41E1-916C-758840D8DCC8}"
EndProject
Project("{2150E333-8FDC-42A3-9474-1A3956D46DE8}") = "Chapter3-4", "Chapter3-4", "{564A6BEE-4324-4515-9D12-1213098697D4}"
EndProject
Project("{8BC9CEB8-8B4A-11D0-8D11-00A0C91BC942}") = "Chapter5_jet", "OpenGL_Super_Bible\Chapter5_jet\Chapter5_jet.vcproj", "{9DE86C23-A943-40A3-B773-BAE9AAF046D7}"
EndProject
Project("{8BC9CEB8-8B4A-11D0-8D11-00A0C91BC942}") = "Chapter5_lightjet", "OpenGL_Super_Bible\Chapter5_lightjet\Chapter5_lightjet.vcproj", "{25EB15D0-C954-43A3-905F-4D1407D6BF83}"
EndProject
Project("{2150E333-8FDC-42A3-9474-1A3956D46DE8}") = "Socket", "Socket", "{B3A9DCA8-7905-4E18-AFA1-34AE35473922}"
EndProject
Project("{8BC9CEB8-8B4A-11D0-8D11-00A0C91BC942}") = "tcpechoserver", "Socket\tcpechotest\tcpechoserver.vcproj", "{6B1E6C32-1B83-4267-808E-45CC87A142D4}"
EndProject
Project("{8BC9CEB8-8B4A-11D0-8D11-00A0C91BC942}") = "tcpechoclient", "Socket\tcpechotest\tcpechoclient.vcproj", "{5644BA75-A807-4757-A1FC-A115B39813CF}"
EndProject
Project("{2150E333-8FDC-42A3-9474-1A3956D46DE8}") = "Chapter2", "Chapter2", "{5B46A05D-3E76-4482-A620-0D4AB5CFCDBA}"
EndProject
Project("{8BC9CEB8-8B4A-11D0-8D11-00A0C91BC942}") = "ch2", "OpenGL_Programming_Guide\Chapter2\lines.vcproj", "{BCDCC5CB-ADDC-48C8-AD0A-18AEAB4E8DEA}"
EndProject
Project("{2150E333-8FDC-42A3-9474-1A3956D46DE8}") = "Chapter3", "Chapter3", "{DD902CE8-C991-42DF-80EC-EC9F3465A2A0}"
EndProject
Project("{8BC9CEB8-8B4A-11D0-8D11-00A0C91BC942}") = "ch3", "OpenGL_Programming_Guide\Chapter3\chapter3.vcproj", "{22C64A7B-BDC5-48B6-A21F-531BD31AD122}"
EndProject
Project("{2150E333-8FDC-42A3-9474-1A3956D46DE8}") = "Chapter6-Blend", "Chapter6-Blend", "{9C6C63B9-9C7A-45AA-BFBC-F2CC7C07580B}"
EndProject
Project("{8BC9CEB8-8B4A-11D0-8D11-00A0C91BC942}") = "ch6", "OpenGL_Programming_Guide\Chapter6\chapter6.vcproj", "{FBBEB230-5C02-49AA-9CC5-8786CBCF104E}"
EndProject
Global
	GlobalSection(SolutionConfigurationPlatforms) = preSolution
		Debug|Win32 = Debug|Win32
		Release|Win32 = Release|Win32
	EndGlobalSection
	GlobalSection(ProjectConfigurationPlatforms) = postSolution
		{032A5148-D1D0-419B-AF4D-AE67766FB4C6}.Debug|Win32.ActiveCfg = Debug|Win32
		{032A5148-D1D0-419B-AF4D-AE67766FB4C6}.Debug|Win32.Build.0 = Debug|Win32
		{032A5148-D1D0-419B-AF4D-AE67766FB4C6}.Release|Win32.ActiveCfg = Release|Win32
		{032A5148-D1D0-419B-AF4D-AE67766FB4C6}.Release|Win32.Build.0 = Release|Win32
		{1059E143-B736-4D79-8BE7-2AB68ABD74A7}.Debug|Win32.ActiveCfg = Debug|Win32
		{1059E143-B736-4D79-8BE7-2AB68ABD74A7}.Debug|Win32.Build.0 = Debug|Win32
		{1059E143-B736-4D79-8BE7-2AB68ABD74A7}.Release|Win32.ActiveCfg = Release|Win32
		{1059E143-B736-4D79-8BE7-2AB68ABD74A7}.Release|Win32.Build.0 = Release|Win32
		{A19F582C-BAD0-4AF6-9CFA-C9327E61A1F7}.Debug|Win32.ActiveCfg = Debug|Win32
		{A19F582C-BAD0-4AF6-9CFA-C9327E61A1F7}.Debug|Win32.Build.0 = Debug|Win32
		{A19F582C-BAD0-4AF6-9CFA-C9327E61A1F7}.Release|Win32.ActiveCfg = Release|Win32
		{A19F582C-BAD0-4AF6-9CFA-C9327E61A1F7}.Release|Win32.Build.0 = Release|Win32
		{4B852D73-4827-4B37-B201-30119B0C6716}.Debug|Win32.ActiveCfg = Debug|Win32
		{4B852D73-4827-4B37-B201-30119B0C6716}.Debug|Win32.Build.0 = Debug|Win32
		{4B852D73-4827-4B37-B201-30119B0C6716}.Release|Win32.ActiveCfg = Release|Win32
		{4B852D73-4827-4B37-B201-30119B0C6716}.Release|Win32.Build.0 = Release|Win32
		{7B6B296D-5AD8-413B-9F88-E8333E7342F9}.Debug|Win32.ActiveCfg = Debug|Win32
		{7B6B296D-5AD8-413B-9F88-E8333E7342F9}.Debug|Win32.Build.0 = Debug|Win32
		{7B6B296D-5AD8-413B-9F88-E8333E7342F9}.Release|Win32.ActiveCfg = Release|Win32
		{7B6B296D-5AD8-413B-9F88-E8333E7342F9}.Release|Win32.Build.0 = Release|Win32
		{B84596E2-17A0-4037-BA5F-1A895D6FC693}.Debug|Win32.ActiveCfg = Debug|Win32
		{B84596E2-17A0-4037-BA5F-1A895D6FC693}.Debug|Win32.Build.0 = Debug|Win32
		{B84596E2-17A0-4037-BA5F-1A895D6FC693}.Release|Win32.ActiveCfg = Release|Win32
		{B84596E2-17A0-4037-BA5F-1A895D6FC693}.Release|Win32.Build.0 = Release|Win32
		{67639A95-EDA4-44F9-B570-520F5FDFF066}.Debug|Win32.ActiveCfg = Debug|Win32
		{67639A95-EDA4-44F9-B570-520F5FDFF066}.Debug|Win32.Build.0 = Debug|Win32
		{67639A95-EDA4-44F9-B570-520F5FDFF066}.Release|Win32.ActiveCfg = Release|Win32
		{67639A95-EDA4-44F9-B570-520F5FDFF066}.Release|Win32.Build.0 = Release|Win32
		{2DA93019-9FC1-445D-8728-CD684D4593D9}.Debug|Win32.ActiveCfg = Debug|Win32
		{2DA93019-9FC1-445D-8728-CD684D4593D9}.Debug|Win32.Build.0 = Debug|Win32
		{2DA93019-9FC1-445D-8728-CD684D4593D9}.Release|Win32.ActiveCfg = Release|Win32
		{2DA93019-9FC1-445D-8728-CD684D4593D9}.Release|Win32.Build.0 = Release|Win32
		{8409A702-6C5C-4388-8889-6EA6A70564F9}.Debug|Win32.ActiveCfg = Debug|Win32
		{8409A702-6C5C-4388-8889-6EA6A70564F9}.Debug|Win32.Build.0 = Debug|Win32
		{8409A702-6C5C-4388-8889-6EA6A70564F9}.Release|Win32.ActiveCfg = Release|Win32
		{8409A702-6C5C-4388-8889-6EA6A70564F9}.Release|Win32.Build.0 = Release|Win32
		{E59D65FA-D1FE-45AA-8586-AF364068B016}.Debug|Win32.ActiveCfg = Debug|Win32
		{E59D65FA-D1FE-45AA-8586-AF364068B016}.Debug|Win32.Build.0 = Debug|Win32
		{E59D65FA-D1FE-45AA-8586-AF364068B016}.Release|Win32.ActiveCfg = Release|Win32
		{E59D65FA-D1FE-45AA-8586-AF364068B016}.Release|Win32.Build.0 = Release|Win32
		{E164C2D2-6D8E-4134-8231-27FD3517F1CA}.Debug|Win32.ActiveCfg = Debug|Win32
		{E164C2D2-6D8E-4134-8231-27FD3517F1CA}.Debug|Win32.Build.0 = Debug|Win32
		{E164C2D2-6D8E-4134-8231-27FD3517F1CA}.Release|Win32.ActiveCfg = Release|Win32
		{E164C2D2-6D8E-4134-8231-27FD3517F1CA}.Release|Win32.Build.0 = Release|Win32
		{2899B86A-B7AD-4C83-9D3C-33FBE3887BAA}.Debug|Win32.ActiveCfg = Debug|Win32
		{2899B86A-B7AD-4C83-9D3C-33FBE3887BAA}.Debug|Win32.Build.0 = Debug|Win32
		{2899B86A-B7AD-4C83-9D3C-33FBE3887BAA}.Release|Win32.ActiveCfg = Release|Win32
		{2899B86A-B7AD-4C83-9D3C-33FBE3887BAA}.Release|Win32.Build.0 = Release|Win32
		{850A89ED-2573-4E80-97BD-B7C1CDCC80A8}.Debug|Win32.ActiveCfg = Debug|Win32
		{850A89ED-2573-4E80-97BD-B7C1CDCC80A8}.Debug|Win32.Build.0 = Debug|Win32
		{850A89ED-2573-4E80-97BD-B7C1CDCC80A8}.Release|Win32.ActiveCfg = Release|Win32
		{850A89ED-2573-4E80-97BD-B7C1CDCC80A8}.Release|Win32.Build.0 = Release|Win32
		{61575A20-C570-44C2-A576-F4A608AA3743}.Debug|Win32.ActiveCfg = Debug|Win32
		{61575A20-C570-44C2-A576-F4A608AA3743}.Debug|Win32.Build.0 = Debug|Win32
		{61575A20-C570-44C2-A576-F4A608AA3743}.Release|Win32.ActiveCfg = Release|Win32
		{61575A20-C570-44C2-A576-F4A608AA3743}.Release|Win32.Build.0 = Release|Win32
		{43A52A97-7ACC-4465-A898-F94151B2FDB5}.Debug|Win32.ActiveCfg = Debug|Win32
		{43A52A97-7ACC-4465-A898-F94151B2FDB5}.Debug|Win32.Build.0 = Debug|Win32
		{43A52A97-7ACC-4465-A898-F94151B2FDB5}.Release|Win32.ActiveCfg = Release|Win32
		{43A52A97-7ACC-4465-A898-F94151B2FDB5}.Release|Win32.Build.0 = Release|Win32
		{969CC638-2F1C-4AAF-BDF6-F29CD6FDF7C5}.Debug|Win32.ActiveCfg = Debug|Win32
		{969CC638-2F1C-4AAF-BDF6-F29CD6FDF7C5}.Debug|Win32.Build.0 = Debug|Win32
		{969CC638-2F1C-4AAF-BDF6-F29CD6FDF7C5}.Release|Win32.ActiveCfg = Release|Win32
		{969CC638-2F1C-4AAF-BDF6-F29CD6FDF7C5}.Release|Win32.Build.0 = Release|Win32
		{9DE86C23-A943-40A3-B773-BAE9AAF046D7}.Debug|Win32.ActiveCfg = Debug|Win32
		{9DE86C23-A943-40A3-B773-BAE9AAF046D7}.Debug|Win32.Build.0 = Debug|Win32
		{9DE86C23-A943-40A3-B773-BAE9AAF046D7}.Release|Win32.ActiveCfg = Release|Win32
		{9DE86C23-A943-40A3-B773-BAE9AAF046D7}.Release|Win32.Build.0 = Release|Win32
		{25EB15D0-C954-43A3-905F-4D1407D6BF83}.Debug|Win32.ActiveCfg = Debug|Win32
		{25EB15D0-C954-43A3-905F-4D1407D6BF83}.Debug|Win32.Build.0 = Debug|Win32
		{25EB15D0-C954-43A3-905F-4D1407D6BF83}.Release|Win32.ActiveCfg = Release|Win32
		{25EB15D0-C954-43A3-905F-4D1407D6BF83}.Release|Win32.Build.0 = Release|Win32
		{6B1E6C32-1B83-4267-808E-45CC87A142D4}.Debug|Win32.ActiveCfg = Debug|Win32
		{6B1E6C32-1B83-4267-808E-45CC87A142D4}.Debug|Win32.Build.0 = Debug|Win32
		{6B1E6C32-1B83-4267-808E-45CC87A142D4}.Release|Win32.ActiveCfg = Release|Win32
		{6B1E6C32-1B83-4267-808E-45CC87A142D4}.Release|Win32.Build.0 = Release|Win32
		{5644BA75-A807-4757-A1FC-A115B39813CF}.Debug|Win32.ActiveCfg = Debug|Win32
		{5644BA75-A807-4757-A1FC-A115B39813CF}.Debug|Win32.Build.0 = Debug|Win32
		{5644BA75-A807-4757-A1FC-A115B39813CF}.Release|Win32.ActiveCfg = Release|Win32
		{5644BA75-A807-4757-A1FC-A115B39813CF}.Release|Win32.Build.0 = Release|Win32
		{BCDCC5CB-ADDC-48C8-AD0A-18AEAB4E8DEA}.Debug|Win32.ActiveCfg = Debug|Win32
		{BCDCC5CB-ADDC-48C8-AD0A-18AEAB4E8DEA}.Debug|Win32.Build.0 = Debug|Win32
		{BCDCC5CB-ADDC-48C8-AD0A-18AEAB4E8DEA}.Release|Win32.ActiveCfg = Release|Win32
		{BCDCC5CB-ADDC-48C8-AD0A-18AEAB4E8DEA}.Release|Win32.Build.0 = Release|Win32
		{22C64A7B-BDC5-48B6-A21F-531BD31AD122}.Debug|Win32.ActiveCfg = Debug|Win32
		{22C64A7B-BDC5-48B6-A21F-531BD31AD122}.Debug|Win32.Build.0 = Debug|Win32
		{22C64A7B-BDC5-48B6-A21F-531BD31AD122}.Release|Win32.ActiveCfg = Release|Win32
		{22C64A7B-BDC5-48B6-A21F-531BD31AD122}.Release|Win32.Build.0 = Release|Win32
		{FBBEB230-5C02-49AA-9CC5-8786CBCF104E}.Debug|Win32.ActiveCfg = Debug|Win32
		{FBBEB230-5C02-49AA-9CC5-8786CBCF104E}.Debug|Win32.Build.0 = Debug|Win32
		{FBBEB230-5C02-49AA-9CC5-8786CBCF104E}.Release|Win32.ActiveCfg = Release|Win32
		{FBBEB230-5C02-49AA-9CC5-8786CBCF104E}.Release|Win32.Build.0 = Release|Win32
	EndGlobalSection
	GlobalSection(SolutionProperties) = preSolution
		HideSolutionNode = FALSE
	EndGlobalSection
	GlobalSection(NestedProjects) = preSolution
		{7B6B296D-5AD8-413B-9F88-E8333E7342F9} = {C6AF63C8-2355-4C12-979D-685A48DD0B67}
		{B84596E2-17A0-4037-BA5F-1A895D6FC693} = {C6AF63C8-2355-4C12-979D-685A48DD0B67}
		{032A5148-D1D0-419B-AF4D-AE67766FB4C6} = {75539247-C00B-4462-B912-F7D6C2B7EF43}
		{1059E143-B736-4D79-8BE7-2AB68ABD74A7} = {75539247-C00B-4462-B912-F7D6C2B7EF43}
		{A19F582C-BAD0-4AF6-9CFA-C9327E61A1F7} = {75539247-C00B-4462-B912-F7D6C2B7EF43}
		{4B852D73-4827-4B37-B201-30119B0C6716} = {75539247-C00B-4462-B912-F7D6C2B7EF43}
		{67639A95-EDA4-44F9-B570-520F5FDFF066} = {75539247-C00B-4462-B912-F7D6C2B7EF43}
		{2DA93019-9FC1-445D-8728-CD684D4593D9} = {75539247-C00B-4462-B912-F7D6C2B7EF43}
		{8409A702-6C5C-4388-8889-6EA6A70564F9} = {75539247-C00B-4462-B912-F7D6C2B7EF43}
		{E59D65FA-D1FE-45AA-8586-AF364068B016} = {75539247-C00B-4462-B912-F7D6C2B7EF43}
		{E164C2D2-6D8E-4134-8231-27FD3517F1CA} = {D141A9F5-EBF8-4993-B5FE-C7547AD1C7EB}
		{5B46A05D-3E76-4482-A620-0D4AB5CFCDBA} = {D141A9F5-EBF8-4993-B5FE-C7547AD1C7EB}
		{DD902CE8-C991-42DF-80EC-EC9F3465A2A0} = {D141A9F5-EBF8-4993-B5FE-C7547AD1C7EB}
		{9C6C63B9-9C7A-45AA-BFBC-F2CC7C07580B} = {D141A9F5-EBF8-4993-B5FE-C7547AD1C7EB}
		{564A6BEE-4324-4515-9D12-1213098697D4} = {4C107711-B67E-4AFA-8F54-897313734D76}
		{969CC638-2F1C-4AAF-BDF6-F29CD6FDF7C5} = {4C107711-B67E-4AFA-8F54-897313734D76}
		{502C306C-86E2-41E1-916C-758840D8DCC8} = {4C107711-B67E-4AFA-8F54-897313734D76}
		{850A89ED-2573-4E80-97BD-B7C1CDCC80A8} = {564A6BEE-4324-4515-9D12-1213098697D4}
		{43A52A97-7ACC-4465-A898-F94151B2FDB5} = {564A6BEE-4324-4515-9D12-1213098697D4}
		{2899B86A-B7AD-4C83-9D3C-33FBE3887BAA} = {564A6BEE-4324-4515-9D12-1213098697D4}
		{61575A20-C570-44C2-A576-F4A608AA3743} = {B05677D3-D8E9-4F05-9EF7-D2C2B60BDF74}
		{9DE86C23-A943-40A3-B773-BAE9AAF046D7} = {502C306C-86E2-41E1-916C-758840D8DCC8}
		{25EB15D0-C954-43A3-905F-4D1407D6BF83} = {502C306C-86E2-41E1-916C-758840D8DCC8}
		{6B1E6C32-1B83-4267-808E-45CC87A142D4} = {B3A9DCA8-7905-4E18-AFA1-34AE35473922}
		{5644BA75-A807-4757-A1FC-A115B39813CF} = {B3A9DCA8-7905-4E18-AFA1-34AE35473922}
		{BCDCC5CB-ADDC-48C8-AD0A-18AEAB4E8DEA} = {5B46A05D-3E76-4482-A620-0D4AB5CFCDBA}
		{22C64A7B-BDC5-48B6-A21F-531BD31AD122} = {DD902CE8-C991-42DF-80EC-EC9F3465A2A0}
		{FBBEB230-5C02-49AA-9CC5-8786CBCF104E} = {9C6C63B9-9C7A-45AA-BFBC-F2CC7C07580B}
	EndGlobalSection
EndGlobal
