
Microsoft Visual Studio Solution File, Format Version 11.00
# Visual Studio 2010
Project("{911E67C6-3D85-4FCE-B560-20A9C3E3FF48}") = "TXAPITool", "TXAPITool.exe", "{987D35D7-3FC0-46E2-B327-5675D792C1D4}"
	ProjectSection(DebuggerProjectSystem) = preProject
		PortSupplier = 00000000-0000-0000-0000-000000000000
		Executable = E:\workspace\wbsdk\Output\Release\TXAPITool.exe
		RemoteMachine = HELOYUE-PC
		StartingDirectory = E:\workspace\wbsdk\Output\Release
		Environment = Default
		LaunchingEngine = 00000000-0000-0000-0000-000000000000
		LaunchSQLEngine = No
		AttachLaunchAction = No
	EndProjectSection
EndProject
Global
	GlobalSection(SolutionConfigurationPlatforms) = preSolution
		Debug|x86 = Debug|x86
	EndGlobalSection
	GlobalSection(ProjectConfigurationPlatforms) = postSolution
		{987D35D7-3FC0-46E2-B327-5675D792C1D4}.Debug|x86.ActiveCfg = Debug|x86
	EndGlobalSection
	GlobalSection(SolutionProperties) = preSolution
		HideSolutionNode = FALSE
	EndGlobalSection
EndGlobal
