
Microsoft Visual Studio Solution File, Format Version 10.00
# Visual Studio 2008
Project("{8BC9CEB8-8B4A-11D0-8D11-00A0C91BC942}") = "libcurl", "lib\vc6libcurl.vcproj", "{CBC4B344-DC73-4C2D-B47F-7FF2F9FFD41D}"
EndProject
Project("{8BC9CEB8-8B4A-11D0-8D11-00A0C91BC942}") = "curlsrc", "src\vc6curlsrc.vcproj", "{03B335B9-FFDD-450C-9A3A-42FB5AE97A51}"
	ProjectSection(ProjectDependencies) = postProject
		{CBC4B344-DC73-4C2D-B47F-7FF2F9FFD41D} = {CBC4B344-DC73-4C2D-B47F-7FF2F9FFD41D}
	EndProjectSection
EndProject
Project("{8BC9CEB8-8B4A-11D0-8D11-00A0C91BC942}") = "libcurl-test-ce-1", "libcurl-test-ce-1\libcurl-test-ce-1.vcproj", "{13738DF2-BACA-4B11-A500-E9663EBA294D}"
	ProjectSection(ProjectDependencies) = postProject
		{CBC4B344-DC73-4C2D-B47F-7FF2F9FFD41D} = {CBC4B344-DC73-4C2D-B47F-7FF2F9FFD41D}
	EndProjectSection
EndProject
Global
	GlobalSection(SolutionConfigurationPlatforms) = preSolution
		DLL Release|Pocket PC 2003 (ARMV4) = DLL Release|Pocket PC 2003 (ARMV4)
		DLL Release|Win32 = DLL Release|Win32
		DLL Release|Windows Mobile 5.0 Pocket PC SDK (ARMV4I) = DLL Release|Windows Mobile 5.0 Pocket PC SDK (ARMV4I)
	EndGlobalSection
	GlobalSection(ProjectConfigurationPlatforms) = postSolution
		{CBC4B344-DC73-4C2D-B47F-7FF2F9FFD41D}.DLL Release|Pocket PC 2003 (ARMV4).ActiveCfg = DLL Release|Pocket PC 2003 (ARMV4)
		{CBC4B344-DC73-4C2D-B47F-7FF2F9FFD41D}.DLL Release|Pocket PC 2003 (ARMV4).Build.0 = DLL Release|Pocket PC 2003 (ARMV4)
		{CBC4B344-DC73-4C2D-B47F-7FF2F9FFD41D}.DLL Release|Pocket PC 2003 (ARMV4).Deploy.0 = DLL Release|Pocket PC 2003 (ARMV4)
		{CBC4B344-DC73-4C2D-B47F-7FF2F9FFD41D}.DLL Release|Win32.ActiveCfg = DLL Release|Win32
		{CBC4B344-DC73-4C2D-B47F-7FF2F9FFD41D}.DLL Release|Win32.Build.0 = DLL Release|Win32
		{CBC4B344-DC73-4C2D-B47F-7FF2F9FFD41D}.DLL Release|Windows Mobile 5.0 Pocket PC SDK (ARMV4I).ActiveCfg = DLL Release|Win32
		{03B335B9-FFDD-450C-9A3A-42FB5AE97A51}.DLL Release|Pocket PC 2003 (ARMV4).ActiveCfg = using libcurl DLL Release|Pocket PC 2003 (ARMV4)
		{03B335B9-FFDD-450C-9A3A-42FB5AE97A51}.DLL Release|Pocket PC 2003 (ARMV4).Build.0 = using libcurl DLL Release|Pocket PC 2003 (ARMV4)
		{03B335B9-FFDD-450C-9A3A-42FB5AE97A51}.DLL Release|Pocket PC 2003 (ARMV4).Deploy.0 = using libcurl DLL Release|Pocket PC 2003 (ARMV4)
		{03B335B9-FFDD-450C-9A3A-42FB5AE97A51}.DLL Release|Win32.ActiveCfg = using libcurl DLL Release|Win32
		{03B335B9-FFDD-450C-9A3A-42FB5AE97A51}.DLL Release|Win32.Build.0 = using libcurl DLL Release|Win32
		{03B335B9-FFDD-450C-9A3A-42FB5AE97A51}.DLL Release|Windows Mobile 5.0 Pocket PC SDK (ARMV4I).ActiveCfg = using libcurl DLL Debug|Pocket PC 2003 (ARMV4)
		{13738DF2-BACA-4B11-A500-E9663EBA294D}.DLL Release|Pocket PC 2003 (ARMV4).ActiveCfg = Debug|Pocket PC 2003 (ARMV4)
		{13738DF2-BACA-4B11-A500-E9663EBA294D}.DLL Release|Pocket PC 2003 (ARMV4).Build.0 = Debug|Pocket PC 2003 (ARMV4)
		{13738DF2-BACA-4B11-A500-E9663EBA294D}.DLL Release|Pocket PC 2003 (ARMV4).Deploy.0 = Debug|Pocket PC 2003 (ARMV4)
		{13738DF2-BACA-4B11-A500-E9663EBA294D}.DLL Release|Win32.ActiveCfg = Release|Pocket PC 2003 (ARMV4)
		{13738DF2-BACA-4B11-A500-E9663EBA294D}.DLL Release|Windows Mobile 5.0 Pocket PC SDK (ARMV4I).ActiveCfg = Release|Pocket PC 2003 (ARMV4)
	EndGlobalSection
	GlobalSection(SolutionProperties) = preSolution
		HideSolutionNode = FALSE
	EndGlobalSection
EndGlobal
