
Microsoft Visual Studio Solution File, Format Version 10.00
# Visual Studio 2008
Project("{8BC9CEB8-8B4A-11D0-8D11-00A0C91BC942}") = "idea", "src\idea\idea.vcproj", "{70B7D498-EC2F-474E-AE52-7A56100200F7}"
EndProject
Project("{8BC9CEB8-8B4A-11D0-8D11-00A0C91BC942}") = "slrsa_test", "src\slrsa\slrsa_test.vcproj", "{AF78E351-2A6C-433C-979E-16E95EA048D9}"
EndProject
Project("{8BC9CEB8-8B4A-11D0-8D11-00A0C91BC942}") = "slrsa", "src\slrsa\libslrsa.vcproj", "{95A2D8A7-497C-4B00-B84A-0498B3EEE093}"
EndProject
Project("{2150E333-8FDC-42A3-9474-1A3956D46DE8}") = "misc", "misc", "{06E81E78-0EAD-4F56-9700-DD505EC6EEF3}"
EndProject
Project("{8BC9CEB8-8B4A-11D0-8D11-00A0C91BC942}") = "osl", "src\osl\src\osl.vcproj", "{280D398D-DBE0-4484-B9AF-3164D50AF20B}"
EndProject
Project("{8BC9CEB8-8B4A-11D0-8D11-00A0C91BC942}") = "net", "src\net\src\net.vcproj", "{545A4966-C071-445C-92E3-902D6355BF4F}"
	ProjectSection(ProjectDependencies) = postProject
		{280D398D-DBE0-4484-B9AF-3164D50AF20B} = {280D398D-DBE0-4484-B9AF-3164D50AF20B}
	EndProjectSection
EndProject
Project("{8BC9CEB8-8B4A-11D0-8D11-00A0C91BC942}") = "apputil", "src\apputil\src\apputil.vcproj", "{0F24691A-2999-469C-9EB3-0831B4CAA6AE}"
	ProjectSection(ProjectDependencies) = postProject
		{545A4966-C071-445C-92E3-902D6355BF4F} = {545A4966-C071-445C-92E3-902D6355BF4F}
	EndProjectSection
EndProject
Project("{8BC9CEB8-8B4A-11D0-8D11-00A0C91BC942}") = "libtest", "src\libtest\src\libtest.vcproj", "{95DD7727-165E-4957-96C6-59DD087C1C4F}"
	ProjectSection(ProjectDependencies) = postProject
		{0F24691A-2999-469C-9EB3-0831B4CAA6AE} = {0F24691A-2999-469C-9EB3-0831B4CAA6AE}
		{4935AB35-2C8A-4154-A03B-BCCC8155E90F} = {4935AB35-2C8A-4154-A03B-BCCC8155E90F}
	EndProjectSection
EndProject
Project("{2150E333-8FDC-42A3-9474-1A3956D46DE8}") = "test", "test", "{FEE62F5D-9FAC-4B8B-A082-486ADFA8AA4D}"
EndProject
Project("{8BC9CEB8-8B4A-11D0-8D11-00A0C91BC942}") = "wraputil", "src\wraputil\src\wraputil.vcproj", "{4935AB35-2C8A-4154-A03B-BCCC8155E90F}"
	ProjectSection(ProjectDependencies) = postProject
		{280D398D-DBE0-4484-B9AF-3164D50AF20B} = {280D398D-DBE0-4484-B9AF-3164D50AF20B}
	EndProjectSection
EndProject
Project("{8BC9CEB8-8B4A-11D0-8D11-00A0C91BC942}") = "osl-test", "src\osl\test\test.vcproj", "{2357E1F5-99F4-486F-84BF-B0D95B3E0F23}"
	ProjectSection(ProjectDependencies) = postProject
		{280D398D-DBE0-4484-B9AF-3164D50AF20B} = {280D398D-DBE0-4484-B9AF-3164D50AF20B}
	EndProjectSection
EndProject
Project("{8BC9CEB8-8B4A-11D0-8D11-00A0C91BC942}") = "qnetpp", "src\qnetpp\src\qnetpp.vcproj", "{787BE42B-F962-40EE-9287-8034001A4F83}"
EndProject
Project("{8BC9CEB8-8B4A-11D0-8D11-00A0C91BC942}") = "net-test", "src\net\test\net-test.vcproj", "{AE151EAD-C84B-4BE6-B486-E41F60675FDF}"
EndProject
Project("{8BC9CEB8-8B4A-11D0-8D11-00A0C91BC942}") = "cetest", "src\net\cetest\cetest.vcproj", "{5C8BBFFB-FF3B-4847-8A07-ABD7AF59F587}"
EndProject
Project("{8BC9CEB8-8B4A-11D0-8D11-00A0C91BC942}") = "cetest2", "src\net\cetest2\cetest2.vcproj", "{F2AE2BDD-9224-41E2-87CF-7D9F7AD69A04}"
EndProject
Global
	GlobalSection(SolutionConfigurationPlatforms) = preSolution
		CEDebug|Mixed Platforms = CEDebug|Mixed Platforms
		CEDebug|Pocket PC 2003 (ARMV4) = CEDebug|Pocket PC 2003 (ARMV4)
		CEDebug|Win32 = CEDebug|Win32
		CEDebug|Windows Mobile 5.0 Pocket PC SDK (ARMV4I) = CEDebug|Windows Mobile 5.0 Pocket PC SDK (ARMV4I)
		CERelease|Mixed Platforms = CERelease|Mixed Platforms
		CERelease|Pocket PC 2003 (ARMV4) = CERelease|Pocket PC 2003 (ARMV4)
		CERelease|Win32 = CERelease|Win32
		CERelease|Windows Mobile 5.0 Pocket PC SDK (ARMV4I) = CERelease|Windows Mobile 5.0 Pocket PC SDK (ARMV4I)
		Debug|Mixed Platforms = Debug|Mixed Platforms
		Debug|Pocket PC 2003 (ARMV4) = Debug|Pocket PC 2003 (ARMV4)
		Debug|Win32 = Debug|Win32
		Debug|Windows Mobile 5.0 Pocket PC SDK (ARMV4I) = Debug|Windows Mobile 5.0 Pocket PC SDK (ARMV4I)
		Release|Mixed Platforms = Release|Mixed Platforms
		Release|Pocket PC 2003 (ARMV4) = Release|Pocket PC 2003 (ARMV4)
		Release|Win32 = Release|Win32
		Release|Windows Mobile 5.0 Pocket PC SDK (ARMV4I) = Release|Windows Mobile 5.0 Pocket PC SDK (ARMV4I)
	EndGlobalSection
	GlobalSection(ProjectConfigurationPlatforms) = postSolution
		{70B7D498-EC2F-474E-AE52-7A56100200F7}.CEDebug|Mixed Platforms.ActiveCfg = CEDebug|Win32
		{70B7D498-EC2F-474E-AE52-7A56100200F7}.CEDebug|Mixed Platforms.Build.0 = CEDebug|Win32
		{70B7D498-EC2F-474E-AE52-7A56100200F7}.CEDebug|Pocket PC 2003 (ARMV4).ActiveCfg = CEDebug|Win32
		{70B7D498-EC2F-474E-AE52-7A56100200F7}.CEDebug|Win32.ActiveCfg = CEDebug|Win32
		{70B7D498-EC2F-474E-AE52-7A56100200F7}.CEDebug|Win32.Build.0 = CEDebug|Win32
		{70B7D498-EC2F-474E-AE52-7A56100200F7}.CEDebug|Windows Mobile 5.0 Pocket PC SDK (ARMV4I).ActiveCfg = CEDebug|Win32
		{70B7D498-EC2F-474E-AE52-7A56100200F7}.CERelease|Mixed Platforms.ActiveCfg = CERelease|Win32
		{70B7D498-EC2F-474E-AE52-7A56100200F7}.CERelease|Mixed Platforms.Build.0 = CERelease|Win32
		{70B7D498-EC2F-474E-AE52-7A56100200F7}.CERelease|Pocket PC 2003 (ARMV4).ActiveCfg = CERelease|Win32
		{70B7D498-EC2F-474E-AE52-7A56100200F7}.CERelease|Win32.ActiveCfg = CERelease|Win32
		{70B7D498-EC2F-474E-AE52-7A56100200F7}.CERelease|Windows Mobile 5.0 Pocket PC SDK (ARMV4I).ActiveCfg = CERelease|Win32
		{70B7D498-EC2F-474E-AE52-7A56100200F7}.Debug|Mixed Platforms.ActiveCfg = Debug|Win32
		{70B7D498-EC2F-474E-AE52-7A56100200F7}.Debug|Mixed Platforms.Build.0 = Debug|Win32
		{70B7D498-EC2F-474E-AE52-7A56100200F7}.Debug|Pocket PC 2003 (ARMV4).ActiveCfg = Debug|Win32
		{70B7D498-EC2F-474E-AE52-7A56100200F7}.Debug|Win32.ActiveCfg = Debug|Win32
		{70B7D498-EC2F-474E-AE52-7A56100200F7}.Debug|Win32.Build.0 = Debug|Win32
		{70B7D498-EC2F-474E-AE52-7A56100200F7}.Debug|Windows Mobile 5.0 Pocket PC SDK (ARMV4I).ActiveCfg = Debug|Win32
		{70B7D498-EC2F-474E-AE52-7A56100200F7}.Release|Mixed Platforms.ActiveCfg = Release|Win32
		{70B7D498-EC2F-474E-AE52-7A56100200F7}.Release|Mixed Platforms.Build.0 = Release|Win32
		{70B7D498-EC2F-474E-AE52-7A56100200F7}.Release|Pocket PC 2003 (ARMV4).ActiveCfg = Release|Win32
		{70B7D498-EC2F-474E-AE52-7A56100200F7}.Release|Win32.ActiveCfg = Release|Win32
		{70B7D498-EC2F-474E-AE52-7A56100200F7}.Release|Win32.Build.0 = Release|Win32
		{70B7D498-EC2F-474E-AE52-7A56100200F7}.Release|Windows Mobile 5.0 Pocket PC SDK (ARMV4I).ActiveCfg = Release|Win32
		{AF78E351-2A6C-433C-979E-16E95EA048D9}.CEDebug|Mixed Platforms.ActiveCfg = CEDebug|Win32
		{AF78E351-2A6C-433C-979E-16E95EA048D9}.CEDebug|Mixed Platforms.Build.0 = CEDebug|Win32
		{AF78E351-2A6C-433C-979E-16E95EA048D9}.CEDebug|Pocket PC 2003 (ARMV4).ActiveCfg = CEDebug|Win32
		{AF78E351-2A6C-433C-979E-16E95EA048D9}.CEDebug|Win32.ActiveCfg = CEDebug|Win32
		{AF78E351-2A6C-433C-979E-16E95EA048D9}.CEDebug|Win32.Build.0 = CEDebug|Win32
		{AF78E351-2A6C-433C-979E-16E95EA048D9}.CEDebug|Windows Mobile 5.0 Pocket PC SDK (ARMV4I).ActiveCfg = CEDebug|Win32
		{AF78E351-2A6C-433C-979E-16E95EA048D9}.CERelease|Mixed Platforms.ActiveCfg = CERelease|Win32
		{AF78E351-2A6C-433C-979E-16E95EA048D9}.CERelease|Mixed Platforms.Build.0 = CERelease|Win32
		{AF78E351-2A6C-433C-979E-16E95EA048D9}.CERelease|Pocket PC 2003 (ARMV4).ActiveCfg = CERelease|Win32
		{AF78E351-2A6C-433C-979E-16E95EA048D9}.CERelease|Win32.ActiveCfg = CERelease|Win32
		{AF78E351-2A6C-433C-979E-16E95EA048D9}.CERelease|Windows Mobile 5.0 Pocket PC SDK (ARMV4I).ActiveCfg = CERelease|Win32
		{AF78E351-2A6C-433C-979E-16E95EA048D9}.Debug|Mixed Platforms.ActiveCfg = Debug|Win32
		{AF78E351-2A6C-433C-979E-16E95EA048D9}.Debug|Mixed Platforms.Build.0 = Debug|Win32
		{AF78E351-2A6C-433C-979E-16E95EA048D9}.Debug|Pocket PC 2003 (ARMV4).ActiveCfg = Debug|Win32
		{AF78E351-2A6C-433C-979E-16E95EA048D9}.Debug|Win32.ActiveCfg = Debug|Win32
		{AF78E351-2A6C-433C-979E-16E95EA048D9}.Debug|Win32.Build.0 = Debug|Win32
		{AF78E351-2A6C-433C-979E-16E95EA048D9}.Debug|Windows Mobile 5.0 Pocket PC SDK (ARMV4I).ActiveCfg = Debug|Win32
		{AF78E351-2A6C-433C-979E-16E95EA048D9}.Release|Mixed Platforms.ActiveCfg = Release|Win32
		{AF78E351-2A6C-433C-979E-16E95EA048D9}.Release|Mixed Platforms.Build.0 = Release|Win32
		{AF78E351-2A6C-433C-979E-16E95EA048D9}.Release|Pocket PC 2003 (ARMV4).ActiveCfg = Release|Win32
		{AF78E351-2A6C-433C-979E-16E95EA048D9}.Release|Win32.ActiveCfg = Release|Win32
		{AF78E351-2A6C-433C-979E-16E95EA048D9}.Release|Win32.Build.0 = Release|Win32
		{AF78E351-2A6C-433C-979E-16E95EA048D9}.Release|Windows Mobile 5.0 Pocket PC SDK (ARMV4I).ActiveCfg = Release|Win32
		{95A2D8A7-497C-4B00-B84A-0498B3EEE093}.CEDebug|Mixed Platforms.ActiveCfg = CEDebug|Win32
		{95A2D8A7-497C-4B00-B84A-0498B3EEE093}.CEDebug|Mixed Platforms.Build.0 = CEDebug|Win32
		{95A2D8A7-497C-4B00-B84A-0498B3EEE093}.CEDebug|Pocket PC 2003 (ARMV4).ActiveCfg = CEDebug|Win32
		{95A2D8A7-497C-4B00-B84A-0498B3EEE093}.CEDebug|Win32.ActiveCfg = CEDebug|Win32
		{95A2D8A7-497C-4B00-B84A-0498B3EEE093}.CEDebug|Win32.Build.0 = CEDebug|Win32
		{95A2D8A7-497C-4B00-B84A-0498B3EEE093}.CEDebug|Windows Mobile 5.0 Pocket PC SDK (ARMV4I).ActiveCfg = CEDebug|Win32
		{95A2D8A7-497C-4B00-B84A-0498B3EEE093}.CERelease|Mixed Platforms.ActiveCfg = CERelease|Win32
		{95A2D8A7-497C-4B00-B84A-0498B3EEE093}.CERelease|Mixed Platforms.Build.0 = CERelease|Win32
		{95A2D8A7-497C-4B00-B84A-0498B3EEE093}.CERelease|Pocket PC 2003 (ARMV4).ActiveCfg = CERelease|Win32
		{95A2D8A7-497C-4B00-B84A-0498B3EEE093}.CERelease|Win32.ActiveCfg = CERelease|Win32
		{95A2D8A7-497C-4B00-B84A-0498B3EEE093}.CERelease|Windows Mobile 5.0 Pocket PC SDK (ARMV4I).ActiveCfg = CERelease|Win32
		{95A2D8A7-497C-4B00-B84A-0498B3EEE093}.Debug|Mixed Platforms.ActiveCfg = Debug|Win32
		{95A2D8A7-497C-4B00-B84A-0498B3EEE093}.Debug|Mixed Platforms.Build.0 = Debug|Win32
		{95A2D8A7-497C-4B00-B84A-0498B3EEE093}.Debug|Pocket PC 2003 (ARMV4).ActiveCfg = Debug|Win32
		{95A2D8A7-497C-4B00-B84A-0498B3EEE093}.Debug|Win32.ActiveCfg = Debug|Win32
		{95A2D8A7-497C-4B00-B84A-0498B3EEE093}.Debug|Win32.Build.0 = Debug|Win32
		{95A2D8A7-497C-4B00-B84A-0498B3EEE093}.Debug|Windows Mobile 5.0 Pocket PC SDK (ARMV4I).ActiveCfg = Debug|Win32
		{95A2D8A7-497C-4B00-B84A-0498B3EEE093}.Release|Mixed Platforms.ActiveCfg = Release|Win32
		{95A2D8A7-497C-4B00-B84A-0498B3EEE093}.Release|Mixed Platforms.Build.0 = Release|Win32
		{95A2D8A7-497C-4B00-B84A-0498B3EEE093}.Release|Pocket PC 2003 (ARMV4).ActiveCfg = Release|Win32
		{95A2D8A7-497C-4B00-B84A-0498B3EEE093}.Release|Win32.ActiveCfg = Release|Win32
		{95A2D8A7-497C-4B00-B84A-0498B3EEE093}.Release|Win32.Build.0 = Release|Win32
		{95A2D8A7-497C-4B00-B84A-0498B3EEE093}.Release|Windows Mobile 5.0 Pocket PC SDK (ARMV4I).ActiveCfg = Release|Win32
		{280D398D-DBE0-4484-B9AF-3164D50AF20B}.CEDebug|Mixed Platforms.ActiveCfg = CEDebug|Win32
		{280D398D-DBE0-4484-B9AF-3164D50AF20B}.CEDebug|Mixed Platforms.Build.0 = CEDebug|Win32
		{280D398D-DBE0-4484-B9AF-3164D50AF20B}.CEDebug|Pocket PC 2003 (ARMV4).ActiveCfg = CEDebug|Pocket PC 2003 (ARMV4)
		{280D398D-DBE0-4484-B9AF-3164D50AF20B}.CEDebug|Pocket PC 2003 (ARMV4).Build.0 = CEDebug|Pocket PC 2003 (ARMV4)
		{280D398D-DBE0-4484-B9AF-3164D50AF20B}.CEDebug|Pocket PC 2003 (ARMV4).Deploy.0 = CEDebug|Pocket PC 2003 (ARMV4)
		{280D398D-DBE0-4484-B9AF-3164D50AF20B}.CEDebug|Win32.ActiveCfg = CEDebug|Win32
		{280D398D-DBE0-4484-B9AF-3164D50AF20B}.CEDebug|Win32.Build.0 = CEDebug|Win32
		{280D398D-DBE0-4484-B9AF-3164D50AF20B}.CEDebug|Windows Mobile 5.0 Pocket PC SDK (ARMV4I).ActiveCfg = CEDebug|Win32
		{280D398D-DBE0-4484-B9AF-3164D50AF20B}.CERelease|Mixed Platforms.ActiveCfg = CERelease|Pocket PC 2003 (ARMV4)
		{280D398D-DBE0-4484-B9AF-3164D50AF20B}.CERelease|Mixed Platforms.Build.0 = CERelease|Pocket PC 2003 (ARMV4)
		{280D398D-DBE0-4484-B9AF-3164D50AF20B}.CERelease|Mixed Platforms.Deploy.0 = CERelease|Pocket PC 2003 (ARMV4)
		{280D398D-DBE0-4484-B9AF-3164D50AF20B}.CERelease|Pocket PC 2003 (ARMV4).ActiveCfg = CERelease|Pocket PC 2003 (ARMV4)
		{280D398D-DBE0-4484-B9AF-3164D50AF20B}.CERelease|Pocket PC 2003 (ARMV4).Build.0 = CERelease|Pocket PC 2003 (ARMV4)
		{280D398D-DBE0-4484-B9AF-3164D50AF20B}.CERelease|Pocket PC 2003 (ARMV4).Deploy.0 = CERelease|Pocket PC 2003 (ARMV4)
		{280D398D-DBE0-4484-B9AF-3164D50AF20B}.CERelease|Win32.ActiveCfg = CERelease|Win32
		{280D398D-DBE0-4484-B9AF-3164D50AF20B}.CERelease|Win32.Build.0 = CERelease|Win32
		{280D398D-DBE0-4484-B9AF-3164D50AF20B}.CERelease|Windows Mobile 5.0 Pocket PC SDK (ARMV4I).ActiveCfg = CERelease|Win32
		{280D398D-DBE0-4484-B9AF-3164D50AF20B}.Debug|Mixed Platforms.ActiveCfg = Debug|Win32
		{280D398D-DBE0-4484-B9AF-3164D50AF20B}.Debug|Mixed Platforms.Build.0 = Debug|Win32
		{280D398D-DBE0-4484-B9AF-3164D50AF20B}.Debug|Pocket PC 2003 (ARMV4).ActiveCfg = Debug|Win32
		{280D398D-DBE0-4484-B9AF-3164D50AF20B}.Debug|Win32.ActiveCfg = Debug|Win32
		{280D398D-DBE0-4484-B9AF-3164D50AF20B}.Debug|Win32.Build.0 = Debug|Win32
		{280D398D-DBE0-4484-B9AF-3164D50AF20B}.Debug|Windows Mobile 5.0 Pocket PC SDK (ARMV4I).ActiveCfg = Debug|Win32
		{280D398D-DBE0-4484-B9AF-3164D50AF20B}.Release|Mixed Platforms.ActiveCfg = Release|Win32
		{280D398D-DBE0-4484-B9AF-3164D50AF20B}.Release|Mixed Platforms.Build.0 = Release|Win32
		{280D398D-DBE0-4484-B9AF-3164D50AF20B}.Release|Pocket PC 2003 (ARMV4).ActiveCfg = Release|Win32
		{280D398D-DBE0-4484-B9AF-3164D50AF20B}.Release|Win32.ActiveCfg = Release|Win32
		{280D398D-DBE0-4484-B9AF-3164D50AF20B}.Release|Win32.Build.0 = Release|Win32
		{280D398D-DBE0-4484-B9AF-3164D50AF20B}.Release|Windows Mobile 5.0 Pocket PC SDK (ARMV4I).ActiveCfg = Release|Win32
		{545A4966-C071-445C-92E3-902D6355BF4F}.CEDebug|Mixed Platforms.ActiveCfg = CEDebug|Win32
		{545A4966-C071-445C-92E3-902D6355BF4F}.CEDebug|Mixed Platforms.Build.0 = CEDebug|Win32
		{545A4966-C071-445C-92E3-902D6355BF4F}.CEDebug|Pocket PC 2003 (ARMV4).ActiveCfg = CEDebug|Win32
		{545A4966-C071-445C-92E3-902D6355BF4F}.CEDebug|Win32.ActiveCfg = CEDebug|Win32
		{545A4966-C071-445C-92E3-902D6355BF4F}.CEDebug|Win32.Build.0 = CEDebug|Win32
		{545A4966-C071-445C-92E3-902D6355BF4F}.CEDebug|Windows Mobile 5.0 Pocket PC SDK (ARMV4I).ActiveCfg = CEDebug|Win32
		{545A4966-C071-445C-92E3-902D6355BF4F}.CERelease|Mixed Platforms.ActiveCfg = CERelease|Pocket PC 2003 (ARMV4)
		{545A4966-C071-445C-92E3-902D6355BF4F}.CERelease|Mixed Platforms.Build.0 = CERelease|Pocket PC 2003 (ARMV4)
		{545A4966-C071-445C-92E3-902D6355BF4F}.CERelease|Mixed Platforms.Deploy.0 = CERelease|Pocket PC 2003 (ARMV4)
		{545A4966-C071-445C-92E3-902D6355BF4F}.CERelease|Pocket PC 2003 (ARMV4).ActiveCfg = CERelease|Pocket PC 2003 (ARMV4)
		{545A4966-C071-445C-92E3-902D6355BF4F}.CERelease|Pocket PC 2003 (ARMV4).Build.0 = CERelease|Pocket PC 2003 (ARMV4)
		{545A4966-C071-445C-92E3-902D6355BF4F}.CERelease|Pocket PC 2003 (ARMV4).Deploy.0 = CERelease|Pocket PC 2003 (ARMV4)
		{545A4966-C071-445C-92E3-902D6355BF4F}.CERelease|Win32.ActiveCfg = CERelease|Win32
		{545A4966-C071-445C-92E3-902D6355BF4F}.CERelease|Win32.Build.0 = CERelease|Win32
		{545A4966-C071-445C-92E3-902D6355BF4F}.CERelease|Windows Mobile 5.0 Pocket PC SDK (ARMV4I).ActiveCfg = CERelease|Win32
		{545A4966-C071-445C-92E3-902D6355BF4F}.Debug|Mixed Platforms.ActiveCfg = Debug|Win32
		{545A4966-C071-445C-92E3-902D6355BF4F}.Debug|Mixed Platforms.Build.0 = Debug|Win32
		{545A4966-C071-445C-92E3-902D6355BF4F}.Debug|Pocket PC 2003 (ARMV4).ActiveCfg = Debug|Win32
		{545A4966-C071-445C-92E3-902D6355BF4F}.Debug|Win32.ActiveCfg = Debug|Win32
		{545A4966-C071-445C-92E3-902D6355BF4F}.Debug|Win32.Build.0 = Debug|Win32
		{545A4966-C071-445C-92E3-902D6355BF4F}.Debug|Windows Mobile 5.0 Pocket PC SDK (ARMV4I).ActiveCfg = Debug|Win32
		{545A4966-C071-445C-92E3-902D6355BF4F}.Release|Mixed Platforms.ActiveCfg = Release|Win32
		{545A4966-C071-445C-92E3-902D6355BF4F}.Release|Mixed Platforms.Build.0 = Release|Win32
		{545A4966-C071-445C-92E3-902D6355BF4F}.Release|Pocket PC 2003 (ARMV4).ActiveCfg = Release|Win32
		{545A4966-C071-445C-92E3-902D6355BF4F}.Release|Win32.ActiveCfg = Release|Win32
		{545A4966-C071-445C-92E3-902D6355BF4F}.Release|Win32.Build.0 = Release|Win32
		{545A4966-C071-445C-92E3-902D6355BF4F}.Release|Windows Mobile 5.0 Pocket PC SDK (ARMV4I).ActiveCfg = Release|Win32
		{0F24691A-2999-469C-9EB3-0831B4CAA6AE}.CEDebug|Mixed Platforms.ActiveCfg = CEDebug|Win32
		{0F24691A-2999-469C-9EB3-0831B4CAA6AE}.CEDebug|Mixed Platforms.Build.0 = CEDebug|Win32
		{0F24691A-2999-469C-9EB3-0831B4CAA6AE}.CEDebug|Pocket PC 2003 (ARMV4).ActiveCfg = CEDebug|Win32
		{0F24691A-2999-469C-9EB3-0831B4CAA6AE}.CEDebug|Win32.ActiveCfg = CEDebug|Win32
		{0F24691A-2999-469C-9EB3-0831B4CAA6AE}.CEDebug|Win32.Build.0 = CEDebug|Win32
		{0F24691A-2999-469C-9EB3-0831B4CAA6AE}.CEDebug|Windows Mobile 5.0 Pocket PC SDK (ARMV4I).ActiveCfg = CEDebug|Win32
		{0F24691A-2999-469C-9EB3-0831B4CAA6AE}.CERelease|Mixed Platforms.ActiveCfg = CERelease|Win32
		{0F24691A-2999-469C-9EB3-0831B4CAA6AE}.CERelease|Mixed Platforms.Build.0 = CERelease|Win32
		{0F24691A-2999-469C-9EB3-0831B4CAA6AE}.CERelease|Pocket PC 2003 (ARMV4).ActiveCfg = CERelease|Win32
		{0F24691A-2999-469C-9EB3-0831B4CAA6AE}.CERelease|Win32.ActiveCfg = CERelease|Win32
		{0F24691A-2999-469C-9EB3-0831B4CAA6AE}.CERelease|Windows Mobile 5.0 Pocket PC SDK (ARMV4I).ActiveCfg = CERelease|Win32
		{0F24691A-2999-469C-9EB3-0831B4CAA6AE}.Debug|Mixed Platforms.ActiveCfg = Debug|Win32
		{0F24691A-2999-469C-9EB3-0831B4CAA6AE}.Debug|Mixed Platforms.Build.0 = Debug|Win32
		{0F24691A-2999-469C-9EB3-0831B4CAA6AE}.Debug|Pocket PC 2003 (ARMV4).ActiveCfg = Debug|Win32
		{0F24691A-2999-469C-9EB3-0831B4CAA6AE}.Debug|Win32.ActiveCfg = Debug|Win32
		{0F24691A-2999-469C-9EB3-0831B4CAA6AE}.Debug|Win32.Build.0 = Debug|Win32
		{0F24691A-2999-469C-9EB3-0831B4CAA6AE}.Debug|Windows Mobile 5.0 Pocket PC SDK (ARMV4I).ActiveCfg = Debug|Win32
		{0F24691A-2999-469C-9EB3-0831B4CAA6AE}.Release|Mixed Platforms.ActiveCfg = Release|Win32
		{0F24691A-2999-469C-9EB3-0831B4CAA6AE}.Release|Mixed Platforms.Build.0 = Release|Win32
		{0F24691A-2999-469C-9EB3-0831B4CAA6AE}.Release|Pocket PC 2003 (ARMV4).ActiveCfg = Release|Win32
		{0F24691A-2999-469C-9EB3-0831B4CAA6AE}.Release|Win32.ActiveCfg = Release|Win32
		{0F24691A-2999-469C-9EB3-0831B4CAA6AE}.Release|Win32.Build.0 = Release|Win32
		{0F24691A-2999-469C-9EB3-0831B4CAA6AE}.Release|Windows Mobile 5.0 Pocket PC SDK (ARMV4I).ActiveCfg = Release|Win32
		{95DD7727-165E-4957-96C6-59DD087C1C4F}.CEDebug|Mixed Platforms.ActiveCfg = CEDebug|Win32
		{95DD7727-165E-4957-96C6-59DD087C1C4F}.CEDebug|Mixed Platforms.Build.0 = CEDebug|Win32
		{95DD7727-165E-4957-96C6-59DD087C1C4F}.CEDebug|Pocket PC 2003 (ARMV4).ActiveCfg = CEDebug|Win32
		{95DD7727-165E-4957-96C6-59DD087C1C4F}.CEDebug|Win32.ActiveCfg = CEDebug|Win32
		{95DD7727-165E-4957-96C6-59DD087C1C4F}.CEDebug|Win32.Build.0 = CEDebug|Win32
		{95DD7727-165E-4957-96C6-59DD087C1C4F}.CEDebug|Windows Mobile 5.0 Pocket PC SDK (ARMV4I).ActiveCfg = CEDebug|Win32
		{95DD7727-165E-4957-96C6-59DD087C1C4F}.CERelease|Mixed Platforms.ActiveCfg = CERelease|Win32
		{95DD7727-165E-4957-96C6-59DD087C1C4F}.CERelease|Mixed Platforms.Build.0 = CERelease|Win32
		{95DD7727-165E-4957-96C6-59DD087C1C4F}.CERelease|Pocket PC 2003 (ARMV4).ActiveCfg = CERelease|Win32
		{95DD7727-165E-4957-96C6-59DD087C1C4F}.CERelease|Win32.ActiveCfg = CERelease|Win32
		{95DD7727-165E-4957-96C6-59DD087C1C4F}.CERelease|Windows Mobile 5.0 Pocket PC SDK (ARMV4I).ActiveCfg = CERelease|Win32
		{95DD7727-165E-4957-96C6-59DD087C1C4F}.Debug|Mixed Platforms.ActiveCfg = Debug|Win32
		{95DD7727-165E-4957-96C6-59DD087C1C4F}.Debug|Mixed Platforms.Build.0 = Debug|Win32
		{95DD7727-165E-4957-96C6-59DD087C1C4F}.Debug|Pocket PC 2003 (ARMV4).ActiveCfg = Debug|Win32
		{95DD7727-165E-4957-96C6-59DD087C1C4F}.Debug|Win32.ActiveCfg = Debug|Win32
		{95DD7727-165E-4957-96C6-59DD087C1C4F}.Debug|Win32.Build.0 = Debug|Win32
		{95DD7727-165E-4957-96C6-59DD087C1C4F}.Debug|Windows Mobile 5.0 Pocket PC SDK (ARMV4I).ActiveCfg = Debug|Win32
		{95DD7727-165E-4957-96C6-59DD087C1C4F}.Release|Mixed Platforms.ActiveCfg = Release|Win32
		{95DD7727-165E-4957-96C6-59DD087C1C4F}.Release|Mixed Platforms.Build.0 = Release|Win32
		{95DD7727-165E-4957-96C6-59DD087C1C4F}.Release|Pocket PC 2003 (ARMV4).ActiveCfg = Release|Win32
		{95DD7727-165E-4957-96C6-59DD087C1C4F}.Release|Win32.ActiveCfg = Release|Win32
		{95DD7727-165E-4957-96C6-59DD087C1C4F}.Release|Win32.Build.0 = Release|Win32
		{95DD7727-165E-4957-96C6-59DD087C1C4F}.Release|Windows Mobile 5.0 Pocket PC SDK (ARMV4I).ActiveCfg = Release|Win32
		{4935AB35-2C8A-4154-A03B-BCCC8155E90F}.CEDebug|Mixed Platforms.ActiveCfg = CEDebug|Win32
		{4935AB35-2C8A-4154-A03B-BCCC8155E90F}.CEDebug|Mixed Platforms.Build.0 = CEDebug|Win32
		{4935AB35-2C8A-4154-A03B-BCCC8155E90F}.CEDebug|Pocket PC 2003 (ARMV4).ActiveCfg = CEDebug|Win32
		{4935AB35-2C8A-4154-A03B-BCCC8155E90F}.CEDebug|Win32.ActiveCfg = CEDebug|Win32
		{4935AB35-2C8A-4154-A03B-BCCC8155E90F}.CEDebug|Win32.Build.0 = CEDebug|Win32
		{4935AB35-2C8A-4154-A03B-BCCC8155E90F}.CEDebug|Windows Mobile 5.0 Pocket PC SDK (ARMV4I).ActiveCfg = CEDebug|Win32
		{4935AB35-2C8A-4154-A03B-BCCC8155E90F}.CERelease|Mixed Platforms.ActiveCfg = CERelease|Win32
		{4935AB35-2C8A-4154-A03B-BCCC8155E90F}.CERelease|Mixed Platforms.Build.0 = CERelease|Win32
		{4935AB35-2C8A-4154-A03B-BCCC8155E90F}.CERelease|Pocket PC 2003 (ARMV4).ActiveCfg = CERelease|Win32
		{4935AB35-2C8A-4154-A03B-BCCC8155E90F}.CERelease|Win32.ActiveCfg = CERelease|Win32
		{4935AB35-2C8A-4154-A03B-BCCC8155E90F}.CERelease|Windows Mobile 5.0 Pocket PC SDK (ARMV4I).ActiveCfg = CERelease|Win32
		{4935AB35-2C8A-4154-A03B-BCCC8155E90F}.Debug|Mixed Platforms.ActiveCfg = Debug|Win32
		{4935AB35-2C8A-4154-A03B-BCCC8155E90F}.Debug|Mixed Platforms.Build.0 = Debug|Win32
		{4935AB35-2C8A-4154-A03B-BCCC8155E90F}.Debug|Pocket PC 2003 (ARMV4).ActiveCfg = Debug|Win32
		{4935AB35-2C8A-4154-A03B-BCCC8155E90F}.Debug|Win32.ActiveCfg = Debug|Win32
		{4935AB35-2C8A-4154-A03B-BCCC8155E90F}.Debug|Win32.Build.0 = Debug|Win32
		{4935AB35-2C8A-4154-A03B-BCCC8155E90F}.Debug|Windows Mobile 5.0 Pocket PC SDK (ARMV4I).ActiveCfg = Debug|Win32
		{4935AB35-2C8A-4154-A03B-BCCC8155E90F}.Release|Mixed Platforms.ActiveCfg = Release|Win32
		{4935AB35-2C8A-4154-A03B-BCCC8155E90F}.Release|Mixed Platforms.Build.0 = Release|Win32
		{4935AB35-2C8A-4154-A03B-BCCC8155E90F}.Release|Pocket PC 2003 (ARMV4).ActiveCfg = Release|Win32
		{4935AB35-2C8A-4154-A03B-BCCC8155E90F}.Release|Win32.ActiveCfg = Release|Win32
		{4935AB35-2C8A-4154-A03B-BCCC8155E90F}.Release|Win32.Build.0 = Release|Win32
		{4935AB35-2C8A-4154-A03B-BCCC8155E90F}.Release|Windows Mobile 5.0 Pocket PC SDK (ARMV4I).ActiveCfg = Release|Win32
		{2357E1F5-99F4-486F-84BF-B0D95B3E0F23}.CEDebug|Mixed Platforms.ActiveCfg = Debug|Pocket PC 2003 (ARMV4)
		{2357E1F5-99F4-486F-84BF-B0D95B3E0F23}.CEDebug|Mixed Platforms.Build.0 = Debug|Pocket PC 2003 (ARMV4)
		{2357E1F5-99F4-486F-84BF-B0D95B3E0F23}.CEDebug|Mixed Platforms.Deploy.0 = Debug|Pocket PC 2003 (ARMV4)
		{2357E1F5-99F4-486F-84BF-B0D95B3E0F23}.CEDebug|Pocket PC 2003 (ARMV4).ActiveCfg = Debug|Pocket PC 2003 (ARMV4)
		{2357E1F5-99F4-486F-84BF-B0D95B3E0F23}.CEDebug|Pocket PC 2003 (ARMV4).Build.0 = Debug|Pocket PC 2003 (ARMV4)
		{2357E1F5-99F4-486F-84BF-B0D95B3E0F23}.CEDebug|Pocket PC 2003 (ARMV4).Deploy.0 = Debug|Pocket PC 2003 (ARMV4)
		{2357E1F5-99F4-486F-84BF-B0D95B3E0F23}.CEDebug|Win32.ActiveCfg = Debug|Win32
		{2357E1F5-99F4-486F-84BF-B0D95B3E0F23}.CEDebug|Win32.Build.0 = Debug|Win32
		{2357E1F5-99F4-486F-84BF-B0D95B3E0F23}.CEDebug|Windows Mobile 5.0 Pocket PC SDK (ARMV4I).ActiveCfg = Debug|Pocket PC 2003 (ARMV4)
		{2357E1F5-99F4-486F-84BF-B0D95B3E0F23}.CERelease|Mixed Platforms.ActiveCfg = Release|Win32
		{2357E1F5-99F4-486F-84BF-B0D95B3E0F23}.CERelease|Mixed Platforms.Build.0 = Release|Win32
		{2357E1F5-99F4-486F-84BF-B0D95B3E0F23}.CERelease|Pocket PC 2003 (ARMV4).ActiveCfg = CERelease|Pocket PC 2003 (ARMV4)
		{2357E1F5-99F4-486F-84BF-B0D95B3E0F23}.CERelease|Pocket PC 2003 (ARMV4).Build.0 = CERelease|Pocket PC 2003 (ARMV4)
		{2357E1F5-99F4-486F-84BF-B0D95B3E0F23}.CERelease|Pocket PC 2003 (ARMV4).Deploy.0 = CERelease|Pocket PC 2003 (ARMV4)
		{2357E1F5-99F4-486F-84BF-B0D95B3E0F23}.CERelease|Win32.ActiveCfg = Release|Win32
		{2357E1F5-99F4-486F-84BF-B0D95B3E0F23}.CERelease|Win32.Build.0 = Release|Win32
		{2357E1F5-99F4-486F-84BF-B0D95B3E0F23}.CERelease|Windows Mobile 5.0 Pocket PC SDK (ARMV4I).ActiveCfg = Release|Win32
		{2357E1F5-99F4-486F-84BF-B0D95B3E0F23}.Debug|Mixed Platforms.ActiveCfg = Debug|Win32
		{2357E1F5-99F4-486F-84BF-B0D95B3E0F23}.Debug|Mixed Platforms.Build.0 = Debug|Win32
		{2357E1F5-99F4-486F-84BF-B0D95B3E0F23}.Debug|Pocket PC 2003 (ARMV4).ActiveCfg = Debug|Win32
		{2357E1F5-99F4-486F-84BF-B0D95B3E0F23}.Debug|Win32.ActiveCfg = Debug|Win32
		{2357E1F5-99F4-486F-84BF-B0D95B3E0F23}.Debug|Win32.Build.0 = Debug|Win32
		{2357E1F5-99F4-486F-84BF-B0D95B3E0F23}.Debug|Windows Mobile 5.0 Pocket PC SDK (ARMV4I).ActiveCfg = Debug|Win32
		{2357E1F5-99F4-486F-84BF-B0D95B3E0F23}.Release|Mixed Platforms.ActiveCfg = Release|Win32
		{2357E1F5-99F4-486F-84BF-B0D95B3E0F23}.Release|Mixed Platforms.Build.0 = Release|Win32
		{2357E1F5-99F4-486F-84BF-B0D95B3E0F23}.Release|Pocket PC 2003 (ARMV4).ActiveCfg = Release|Win32
		{2357E1F5-99F4-486F-84BF-B0D95B3E0F23}.Release|Win32.ActiveCfg = Release|Win32
		{2357E1F5-99F4-486F-84BF-B0D95B3E0F23}.Release|Win32.Build.0 = Release|Win32
		{2357E1F5-99F4-486F-84BF-B0D95B3E0F23}.Release|Windows Mobile 5.0 Pocket PC SDK (ARMV4I).ActiveCfg = Release|Win32
		{787BE42B-F962-40EE-9287-8034001A4F83}.CEDebug|Mixed Platforms.ActiveCfg = CEDebug|Pocket PC 2003 (ARMV4)
		{787BE42B-F962-40EE-9287-8034001A4F83}.CEDebug|Mixed Platforms.Build.0 = CEDebug|Pocket PC 2003 (ARMV4)
		{787BE42B-F962-40EE-9287-8034001A4F83}.CEDebug|Mixed Platforms.Deploy.0 = CEDebug|Pocket PC 2003 (ARMV4)
		{787BE42B-F962-40EE-9287-8034001A4F83}.CEDebug|Pocket PC 2003 (ARMV4).ActiveCfg = CEDebug|Win32
		{787BE42B-F962-40EE-9287-8034001A4F83}.CEDebug|Pocket PC 2003 (ARMV4).Deploy.0 = CEDebug|Win32
		{787BE42B-F962-40EE-9287-8034001A4F83}.CEDebug|Win32.ActiveCfg = CEDebug|Win32
		{787BE42B-F962-40EE-9287-8034001A4F83}.CEDebug|Win32.Build.0 = CEDebug|Win32
		{787BE42B-F962-40EE-9287-8034001A4F83}.CEDebug|Windows Mobile 5.0 Pocket PC SDK (ARMV4I).ActiveCfg = CEDebug|Win32
		{787BE42B-F962-40EE-9287-8034001A4F83}.CERelease|Mixed Platforms.ActiveCfg = CERelease|Pocket PC 2003 (ARMV4)
		{787BE42B-F962-40EE-9287-8034001A4F83}.CERelease|Mixed Platforms.Build.0 = CERelease|Pocket PC 2003 (ARMV4)
		{787BE42B-F962-40EE-9287-8034001A4F83}.CERelease|Mixed Platforms.Deploy.0 = CERelease|Pocket PC 2003 (ARMV4)
		{787BE42B-F962-40EE-9287-8034001A4F83}.CERelease|Pocket PC 2003 (ARMV4).ActiveCfg = CERelease|Pocket PC 2003 (ARMV4)
		{787BE42B-F962-40EE-9287-8034001A4F83}.CERelease|Pocket PC 2003 (ARMV4).Deploy.0 = CERelease|Pocket PC 2003 (ARMV4)
		{787BE42B-F962-40EE-9287-8034001A4F83}.CERelease|Win32.ActiveCfg = CERelease|Win32
		{787BE42B-F962-40EE-9287-8034001A4F83}.CERelease|Windows Mobile 5.0 Pocket PC SDK (ARMV4I).ActiveCfg = CERelease|Win32
		{787BE42B-F962-40EE-9287-8034001A4F83}.Debug|Mixed Platforms.ActiveCfg = Debug|Pocket PC 2003 (ARMV4)
		{787BE42B-F962-40EE-9287-8034001A4F83}.Debug|Mixed Platforms.Build.0 = Debug|Pocket PC 2003 (ARMV4)
		{787BE42B-F962-40EE-9287-8034001A4F83}.Debug|Mixed Platforms.Deploy.0 = Debug|Pocket PC 2003 (ARMV4)
		{787BE42B-F962-40EE-9287-8034001A4F83}.Debug|Pocket PC 2003 (ARMV4).ActiveCfg = Debug|Pocket PC 2003 (ARMV4)
		{787BE42B-F962-40EE-9287-8034001A4F83}.Debug|Pocket PC 2003 (ARMV4).Build.0 = Debug|Pocket PC 2003 (ARMV4)
		{787BE42B-F962-40EE-9287-8034001A4F83}.Debug|Pocket PC 2003 (ARMV4).Deploy.0 = Debug|Pocket PC 2003 (ARMV4)
		{787BE42B-F962-40EE-9287-8034001A4F83}.Debug|Win32.ActiveCfg = Debug|Win32
		{787BE42B-F962-40EE-9287-8034001A4F83}.Debug|Win32.Build.0 = Debug|Win32
		{787BE42B-F962-40EE-9287-8034001A4F83}.Debug|Windows Mobile 5.0 Pocket PC SDK (ARMV4I).ActiveCfg = Debug|Win32
		{787BE42B-F962-40EE-9287-8034001A4F83}.Release|Mixed Platforms.ActiveCfg = Release|Pocket PC 2003 (ARMV4)
		{787BE42B-F962-40EE-9287-8034001A4F83}.Release|Mixed Platforms.Build.0 = Release|Pocket PC 2003 (ARMV4)
		{787BE42B-F962-40EE-9287-8034001A4F83}.Release|Mixed Platforms.Deploy.0 = Release|Pocket PC 2003 (ARMV4)
		{787BE42B-F962-40EE-9287-8034001A4F83}.Release|Pocket PC 2003 (ARMV4).ActiveCfg = Release|Pocket PC 2003 (ARMV4)
		{787BE42B-F962-40EE-9287-8034001A4F83}.Release|Pocket PC 2003 (ARMV4).Build.0 = Release|Pocket PC 2003 (ARMV4)
		{787BE42B-F962-40EE-9287-8034001A4F83}.Release|Pocket PC 2003 (ARMV4).Deploy.0 = Release|Pocket PC 2003 (ARMV4)
		{787BE42B-F962-40EE-9287-8034001A4F83}.Release|Win32.ActiveCfg = Release|Win32
		{787BE42B-F962-40EE-9287-8034001A4F83}.Release|Win32.Build.0 = Release|Win32
		{787BE42B-F962-40EE-9287-8034001A4F83}.Release|Windows Mobile 5.0 Pocket PC SDK (ARMV4I).ActiveCfg = Release|Win32
		{AE151EAD-C84B-4BE6-B486-E41F60675FDF}.CEDebug|Mixed Platforms.ActiveCfg = Debug|Pocket PC 2003 (ARMV4)
		{AE151EAD-C84B-4BE6-B486-E41F60675FDF}.CEDebug|Mixed Platforms.Build.0 = Debug|Pocket PC 2003 (ARMV4)
		{AE151EAD-C84B-4BE6-B486-E41F60675FDF}.CEDebug|Mixed Platforms.Deploy.0 = Debug|Pocket PC 2003 (ARMV4)
		{AE151EAD-C84B-4BE6-B486-E41F60675FDF}.CEDebug|Pocket PC 2003 (ARMV4).ActiveCfg = Debug|Pocket PC 2003 (ARMV4)
		{AE151EAD-C84B-4BE6-B486-E41F60675FDF}.CEDebug|Pocket PC 2003 (ARMV4).Build.0 = Debug|Pocket PC 2003 (ARMV4)
		{AE151EAD-C84B-4BE6-B486-E41F60675FDF}.CEDebug|Pocket PC 2003 (ARMV4).Deploy.0 = Debug|Pocket PC 2003 (ARMV4)
		{AE151EAD-C84B-4BE6-B486-E41F60675FDF}.CEDebug|Win32.ActiveCfg = Debug|Win32
		{AE151EAD-C84B-4BE6-B486-E41F60675FDF}.CEDebug|Win32.Build.0 = Debug|Win32
		{AE151EAD-C84B-4BE6-B486-E41F60675FDF}.CEDebug|Windows Mobile 5.0 Pocket PC SDK (ARMV4I).ActiveCfg = Debug|Pocket PC 2003 (ARMV4)
		{AE151EAD-C84B-4BE6-B486-E41F60675FDF}.CERelease|Mixed Platforms.ActiveCfg = CERelease|Pocket PC 2003 (ARMV4)
		{AE151EAD-C84B-4BE6-B486-E41F60675FDF}.CERelease|Mixed Platforms.Build.0 = CERelease|Pocket PC 2003 (ARMV4)
		{AE151EAD-C84B-4BE6-B486-E41F60675FDF}.CERelease|Mixed Platforms.Deploy.0 = CERelease|Pocket PC 2003 (ARMV4)
		{AE151EAD-C84B-4BE6-B486-E41F60675FDF}.CERelease|Pocket PC 2003 (ARMV4).ActiveCfg = CERelease|Pocket PC 2003 (ARMV4)
		{AE151EAD-C84B-4BE6-B486-E41F60675FDF}.CERelease|Pocket PC 2003 (ARMV4).Build.0 = CERelease|Pocket PC 2003 (ARMV4)
		{AE151EAD-C84B-4BE6-B486-E41F60675FDF}.CERelease|Pocket PC 2003 (ARMV4).Deploy.0 = CERelease|Pocket PC 2003 (ARMV4)
		{AE151EAD-C84B-4BE6-B486-E41F60675FDF}.CERelease|Win32.ActiveCfg = CERelease|Win32
		{AE151EAD-C84B-4BE6-B486-E41F60675FDF}.CERelease|Win32.Build.0 = CERelease|Win32
		{AE151EAD-C84B-4BE6-B486-E41F60675FDF}.CERelease|Windows Mobile 5.0 Pocket PC SDK (ARMV4I).ActiveCfg = CERelease|Win32
		{AE151EAD-C84B-4BE6-B486-E41F60675FDF}.Debug|Mixed Platforms.ActiveCfg = Debug|Pocket PC 2003 (ARMV4)
		{AE151EAD-C84B-4BE6-B486-E41F60675FDF}.Debug|Mixed Platforms.Build.0 = Debug|Pocket PC 2003 (ARMV4)
		{AE151EAD-C84B-4BE6-B486-E41F60675FDF}.Debug|Mixed Platforms.Deploy.0 = Debug|Pocket PC 2003 (ARMV4)
		{AE151EAD-C84B-4BE6-B486-E41F60675FDF}.Debug|Pocket PC 2003 (ARMV4).ActiveCfg = Debug|Pocket PC 2003 (ARMV4)
		{AE151EAD-C84B-4BE6-B486-E41F60675FDF}.Debug|Pocket PC 2003 (ARMV4).Build.0 = Debug|Pocket PC 2003 (ARMV4)
		{AE151EAD-C84B-4BE6-B486-E41F60675FDF}.Debug|Pocket PC 2003 (ARMV4).Deploy.0 = Debug|Pocket PC 2003 (ARMV4)
		{AE151EAD-C84B-4BE6-B486-E41F60675FDF}.Debug|Win32.ActiveCfg = Debug|Win32
		{AE151EAD-C84B-4BE6-B486-E41F60675FDF}.Debug|Win32.Build.0 = Debug|Win32
		{AE151EAD-C84B-4BE6-B486-E41F60675FDF}.Debug|Windows Mobile 5.0 Pocket PC SDK (ARMV4I).ActiveCfg = Debug|Win32
		{AE151EAD-C84B-4BE6-B486-E41F60675FDF}.Release|Mixed Platforms.ActiveCfg = Release|Pocket PC 2003 (ARMV4)
		{AE151EAD-C84B-4BE6-B486-E41F60675FDF}.Release|Mixed Platforms.Build.0 = Release|Pocket PC 2003 (ARMV4)
		{AE151EAD-C84B-4BE6-B486-E41F60675FDF}.Release|Mixed Platforms.Deploy.0 = Release|Pocket PC 2003 (ARMV4)
		{AE151EAD-C84B-4BE6-B486-E41F60675FDF}.Release|Pocket PC 2003 (ARMV4).ActiveCfg = Release|Pocket PC 2003 (ARMV4)
		{AE151EAD-C84B-4BE6-B486-E41F60675FDF}.Release|Pocket PC 2003 (ARMV4).Build.0 = Release|Pocket PC 2003 (ARMV4)
		{AE151EAD-C84B-4BE6-B486-E41F60675FDF}.Release|Pocket PC 2003 (ARMV4).Deploy.0 = Release|Pocket PC 2003 (ARMV4)
		{AE151EAD-C84B-4BE6-B486-E41F60675FDF}.Release|Win32.ActiveCfg = Release|Win32
		{AE151EAD-C84B-4BE6-B486-E41F60675FDF}.Release|Win32.Build.0 = Release|Win32
		{AE151EAD-C84B-4BE6-B486-E41F60675FDF}.Release|Windows Mobile 5.0 Pocket PC SDK (ARMV4I).ActiveCfg = Release|Win32
		{5C8BBFFB-FF3B-4847-8A07-ABD7AF59F587}.CEDebug|Mixed Platforms.ActiveCfg = Debug|Windows Mobile 5.0 Pocket PC SDK (ARMV4I)
		{5C8BBFFB-FF3B-4847-8A07-ABD7AF59F587}.CEDebug|Mixed Platforms.Build.0 = Debug|Windows Mobile 5.0 Pocket PC SDK (ARMV4I)
		{5C8BBFFB-FF3B-4847-8A07-ABD7AF59F587}.CEDebug|Mixed Platforms.Deploy.0 = Debug|Windows Mobile 5.0 Pocket PC SDK (ARMV4I)
		{5C8BBFFB-FF3B-4847-8A07-ABD7AF59F587}.CEDebug|Pocket PC 2003 (ARMV4).ActiveCfg = Debug|Pocket PC 2003 (ARMV4)
		{5C8BBFFB-FF3B-4847-8A07-ABD7AF59F587}.CEDebug|Pocket PC 2003 (ARMV4).Build.0 = Debug|Pocket PC 2003 (ARMV4)
		{5C8BBFFB-FF3B-4847-8A07-ABD7AF59F587}.CEDebug|Pocket PC 2003 (ARMV4).Deploy.0 = Debug|Pocket PC 2003 (ARMV4)
		{5C8BBFFB-FF3B-4847-8A07-ABD7AF59F587}.CEDebug|Win32.ActiveCfg = Debug|Windows Mobile 5.0 Pocket PC SDK (ARMV4I)
		{5C8BBFFB-FF3B-4847-8A07-ABD7AF59F587}.CEDebug|Windows Mobile 5.0 Pocket PC SDK (ARMV4I).ActiveCfg = Debug|Windows Mobile 5.0 Pocket PC SDK (ARMV4I)
		{5C8BBFFB-FF3B-4847-8A07-ABD7AF59F587}.CEDebug|Windows Mobile 5.0 Pocket PC SDK (ARMV4I).Build.0 = Debug|Windows Mobile 5.0 Pocket PC SDK (ARMV4I)
		{5C8BBFFB-FF3B-4847-8A07-ABD7AF59F587}.CEDebug|Windows Mobile 5.0 Pocket PC SDK (ARMV4I).Deploy.0 = Debug|Windows Mobile 5.0 Pocket PC SDK (ARMV4I)
		{5C8BBFFB-FF3B-4847-8A07-ABD7AF59F587}.CERelease|Mixed Platforms.ActiveCfg = Release|Windows Mobile 5.0 Pocket PC SDK (ARMV4I)
		{5C8BBFFB-FF3B-4847-8A07-ABD7AF59F587}.CERelease|Mixed Platforms.Build.0 = Release|Windows Mobile 5.0 Pocket PC SDK (ARMV4I)
		{5C8BBFFB-FF3B-4847-8A07-ABD7AF59F587}.CERelease|Mixed Platforms.Deploy.0 = Release|Windows Mobile 5.0 Pocket PC SDK (ARMV4I)
		{5C8BBFFB-FF3B-4847-8A07-ABD7AF59F587}.CERelease|Pocket PC 2003 (ARMV4).ActiveCfg = CERelease|Pocket PC 2003 (ARMV4)
		{5C8BBFFB-FF3B-4847-8A07-ABD7AF59F587}.CERelease|Pocket PC 2003 (ARMV4).Build.0 = CERelease|Pocket PC 2003 (ARMV4)
		{5C8BBFFB-FF3B-4847-8A07-ABD7AF59F587}.CERelease|Pocket PC 2003 (ARMV4).Deploy.0 = CERelease|Pocket PC 2003 (ARMV4)
		{5C8BBFFB-FF3B-4847-8A07-ABD7AF59F587}.CERelease|Win32.ActiveCfg = Release|Windows Mobile 5.0 Pocket PC SDK (ARMV4I)
		{5C8BBFFB-FF3B-4847-8A07-ABD7AF59F587}.CERelease|Windows Mobile 5.0 Pocket PC SDK (ARMV4I).ActiveCfg = Release|Windows Mobile 5.0 Pocket PC SDK (ARMV4I)
		{5C8BBFFB-FF3B-4847-8A07-ABD7AF59F587}.CERelease|Windows Mobile 5.0 Pocket PC SDK (ARMV4I).Build.0 = Release|Windows Mobile 5.0 Pocket PC SDK (ARMV4I)
		{5C8BBFFB-FF3B-4847-8A07-ABD7AF59F587}.CERelease|Windows Mobile 5.0 Pocket PC SDK (ARMV4I).Deploy.0 = Release|Windows Mobile 5.0 Pocket PC SDK (ARMV4I)
		{5C8BBFFB-FF3B-4847-8A07-ABD7AF59F587}.Debug|Mixed Platforms.ActiveCfg = Debug|Windows Mobile 5.0 Pocket PC SDK (ARMV4I)
		{5C8BBFFB-FF3B-4847-8A07-ABD7AF59F587}.Debug|Mixed Platforms.Build.0 = Debug|Windows Mobile 5.0 Pocket PC SDK (ARMV4I)
		{5C8BBFFB-FF3B-4847-8A07-ABD7AF59F587}.Debug|Mixed Platforms.Deploy.0 = Debug|Windows Mobile 5.0 Pocket PC SDK (ARMV4I)
		{5C8BBFFB-FF3B-4847-8A07-ABD7AF59F587}.Debug|Pocket PC 2003 (ARMV4).ActiveCfg = Debug|Pocket PC 2003 (ARMV4)
		{5C8BBFFB-FF3B-4847-8A07-ABD7AF59F587}.Debug|Pocket PC 2003 (ARMV4).Build.0 = Debug|Pocket PC 2003 (ARMV4)
		{5C8BBFFB-FF3B-4847-8A07-ABD7AF59F587}.Debug|Pocket PC 2003 (ARMV4).Deploy.0 = Debug|Pocket PC 2003 (ARMV4)
		{5C8BBFFB-FF3B-4847-8A07-ABD7AF59F587}.Debug|Win32.ActiveCfg = Debug|Windows Mobile 5.0 Pocket PC SDK (ARMV4I)
		{5C8BBFFB-FF3B-4847-8A07-ABD7AF59F587}.Debug|Windows Mobile 5.0 Pocket PC SDK (ARMV4I).ActiveCfg = Debug|Windows Mobile 5.0 Pocket PC SDK (ARMV4I)
		{5C8BBFFB-FF3B-4847-8A07-ABD7AF59F587}.Debug|Windows Mobile 5.0 Pocket PC SDK (ARMV4I).Build.0 = Debug|Windows Mobile 5.0 Pocket PC SDK (ARMV4I)
		{5C8BBFFB-FF3B-4847-8A07-ABD7AF59F587}.Debug|Windows Mobile 5.0 Pocket PC SDK (ARMV4I).Deploy.0 = Debug|Windows Mobile 5.0 Pocket PC SDK (ARMV4I)
		{5C8BBFFB-FF3B-4847-8A07-ABD7AF59F587}.Release|Mixed Platforms.ActiveCfg = Release|Windows Mobile 5.0 Pocket PC SDK (ARMV4I)
		{5C8BBFFB-FF3B-4847-8A07-ABD7AF59F587}.Release|Mixed Platforms.Build.0 = Release|Windows Mobile 5.0 Pocket PC SDK (ARMV4I)
		{5C8BBFFB-FF3B-4847-8A07-ABD7AF59F587}.Release|Mixed Platforms.Deploy.0 = Release|Windows Mobile 5.0 Pocket PC SDK (ARMV4I)
		{5C8BBFFB-FF3B-4847-8A07-ABD7AF59F587}.Release|Pocket PC 2003 (ARMV4).ActiveCfg = Release|Pocket PC 2003 (ARMV4)
		{5C8BBFFB-FF3B-4847-8A07-ABD7AF59F587}.Release|Pocket PC 2003 (ARMV4).Build.0 = Release|Pocket PC 2003 (ARMV4)
		{5C8BBFFB-FF3B-4847-8A07-ABD7AF59F587}.Release|Pocket PC 2003 (ARMV4).Deploy.0 = Release|Pocket PC 2003 (ARMV4)
		{5C8BBFFB-FF3B-4847-8A07-ABD7AF59F587}.Release|Win32.ActiveCfg = Release|Windows Mobile 5.0 Pocket PC SDK (ARMV4I)
		{5C8BBFFB-FF3B-4847-8A07-ABD7AF59F587}.Release|Windows Mobile 5.0 Pocket PC SDK (ARMV4I).ActiveCfg = Release|Windows Mobile 5.0 Pocket PC SDK (ARMV4I)
		{5C8BBFFB-FF3B-4847-8A07-ABD7AF59F587}.Release|Windows Mobile 5.0 Pocket PC SDK (ARMV4I).Build.0 = Release|Windows Mobile 5.0 Pocket PC SDK (ARMV4I)
		{5C8BBFFB-FF3B-4847-8A07-ABD7AF59F587}.Release|Windows Mobile 5.0 Pocket PC SDK (ARMV4I).Deploy.0 = Release|Windows Mobile 5.0 Pocket PC SDK (ARMV4I)
		{F2AE2BDD-9224-41E2-87CF-7D9F7AD69A04}.CEDebug|Mixed Platforms.ActiveCfg = Debug|Windows Mobile 5.0 Pocket PC SDK (ARMV4I)
		{F2AE2BDD-9224-41E2-87CF-7D9F7AD69A04}.CEDebug|Mixed Platforms.Build.0 = Debug|Windows Mobile 5.0 Pocket PC SDK (ARMV4I)
		{F2AE2BDD-9224-41E2-87CF-7D9F7AD69A04}.CEDebug|Mixed Platforms.Deploy.0 = Debug|Windows Mobile 5.0 Pocket PC SDK (ARMV4I)
		{F2AE2BDD-9224-41E2-87CF-7D9F7AD69A04}.CEDebug|Pocket PC 2003 (ARMV4).ActiveCfg = Debug|Pocket PC 2003 (ARMV4)
		{F2AE2BDD-9224-41E2-87CF-7D9F7AD69A04}.CEDebug|Pocket PC 2003 (ARMV4).Build.0 = Debug|Pocket PC 2003 (ARMV4)
		{F2AE2BDD-9224-41E2-87CF-7D9F7AD69A04}.CEDebug|Pocket PC 2003 (ARMV4).Deploy.0 = Debug|Pocket PC 2003 (ARMV4)
		{F2AE2BDD-9224-41E2-87CF-7D9F7AD69A04}.CEDebug|Win32.ActiveCfg = Debug|Windows Mobile 5.0 Pocket PC SDK (ARMV4I)
		{F2AE2BDD-9224-41E2-87CF-7D9F7AD69A04}.CEDebug|Windows Mobile 5.0 Pocket PC SDK (ARMV4I).ActiveCfg = Debug|Windows Mobile 5.0 Pocket PC SDK (ARMV4I)
		{F2AE2BDD-9224-41E2-87CF-7D9F7AD69A04}.CEDebug|Windows Mobile 5.0 Pocket PC SDK (ARMV4I).Build.0 = Debug|Windows Mobile 5.0 Pocket PC SDK (ARMV4I)
		{F2AE2BDD-9224-41E2-87CF-7D9F7AD69A04}.CEDebug|Windows Mobile 5.0 Pocket PC SDK (ARMV4I).Deploy.0 = Debug|Windows Mobile 5.0 Pocket PC SDK (ARMV4I)
		{F2AE2BDD-9224-41E2-87CF-7D9F7AD69A04}.CERelease|Mixed Platforms.ActiveCfg = Release|Windows Mobile 5.0 Pocket PC SDK (ARMV4I)
		{F2AE2BDD-9224-41E2-87CF-7D9F7AD69A04}.CERelease|Mixed Platforms.Build.0 = Release|Windows Mobile 5.0 Pocket PC SDK (ARMV4I)
		{F2AE2BDD-9224-41E2-87CF-7D9F7AD69A04}.CERelease|Mixed Platforms.Deploy.0 = Release|Windows Mobile 5.0 Pocket PC SDK (ARMV4I)
		{F2AE2BDD-9224-41E2-87CF-7D9F7AD69A04}.CERelease|Pocket PC 2003 (ARMV4).ActiveCfg = Release|Pocket PC 2003 (ARMV4)
		{F2AE2BDD-9224-41E2-87CF-7D9F7AD69A04}.CERelease|Pocket PC 2003 (ARMV4).Build.0 = Release|Pocket PC 2003 (ARMV4)
		{F2AE2BDD-9224-41E2-87CF-7D9F7AD69A04}.CERelease|Pocket PC 2003 (ARMV4).Deploy.0 = Release|Pocket PC 2003 (ARMV4)
		{F2AE2BDD-9224-41E2-87CF-7D9F7AD69A04}.CERelease|Win32.ActiveCfg = Release|Windows Mobile 5.0 Pocket PC SDK (ARMV4I)
		{F2AE2BDD-9224-41E2-87CF-7D9F7AD69A04}.CERelease|Windows Mobile 5.0 Pocket PC SDK (ARMV4I).ActiveCfg = Release|Windows Mobile 5.0 Pocket PC SDK (ARMV4I)
		{F2AE2BDD-9224-41E2-87CF-7D9F7AD69A04}.CERelease|Windows Mobile 5.0 Pocket PC SDK (ARMV4I).Build.0 = Release|Windows Mobile 5.0 Pocket PC SDK (ARMV4I)
		{F2AE2BDD-9224-41E2-87CF-7D9F7AD69A04}.CERelease|Windows Mobile 5.0 Pocket PC SDK (ARMV4I).Deploy.0 = Release|Windows Mobile 5.0 Pocket PC SDK (ARMV4I)
		{F2AE2BDD-9224-41E2-87CF-7D9F7AD69A04}.Debug|Mixed Platforms.ActiveCfg = Debug|Windows Mobile 5.0 Pocket PC SDK (ARMV4I)
		{F2AE2BDD-9224-41E2-87CF-7D9F7AD69A04}.Debug|Mixed Platforms.Build.0 = Debug|Windows Mobile 5.0 Pocket PC SDK (ARMV4I)
		{F2AE2BDD-9224-41E2-87CF-7D9F7AD69A04}.Debug|Mixed Platforms.Deploy.0 = Debug|Windows Mobile 5.0 Pocket PC SDK (ARMV4I)
		{F2AE2BDD-9224-41E2-87CF-7D9F7AD69A04}.Debug|Pocket PC 2003 (ARMV4).ActiveCfg = Debug|Pocket PC 2003 (ARMV4)
		{F2AE2BDD-9224-41E2-87CF-7D9F7AD69A04}.Debug|Pocket PC 2003 (ARMV4).Build.0 = Debug|Pocket PC 2003 (ARMV4)
		{F2AE2BDD-9224-41E2-87CF-7D9F7AD69A04}.Debug|Pocket PC 2003 (ARMV4).Deploy.0 = Debug|Pocket PC 2003 (ARMV4)
		{F2AE2BDD-9224-41E2-87CF-7D9F7AD69A04}.Debug|Win32.ActiveCfg = Debug|Windows Mobile 5.0 Pocket PC SDK (ARMV4I)
		{F2AE2BDD-9224-41E2-87CF-7D9F7AD69A04}.Debug|Windows Mobile 5.0 Pocket PC SDK (ARMV4I).ActiveCfg = Debug|Windows Mobile 5.0 Pocket PC SDK (ARMV4I)
		{F2AE2BDD-9224-41E2-87CF-7D9F7AD69A04}.Debug|Windows Mobile 5.0 Pocket PC SDK (ARMV4I).Build.0 = Debug|Windows Mobile 5.0 Pocket PC SDK (ARMV4I)
		{F2AE2BDD-9224-41E2-87CF-7D9F7AD69A04}.Debug|Windows Mobile 5.0 Pocket PC SDK (ARMV4I).Deploy.0 = Debug|Windows Mobile 5.0 Pocket PC SDK (ARMV4I)
		{F2AE2BDD-9224-41E2-87CF-7D9F7AD69A04}.Release|Mixed Platforms.ActiveCfg = Release|Windows Mobile 5.0 Pocket PC SDK (ARMV4I)
		{F2AE2BDD-9224-41E2-87CF-7D9F7AD69A04}.Release|Mixed Platforms.Build.0 = Release|Windows Mobile 5.0 Pocket PC SDK (ARMV4I)
		{F2AE2BDD-9224-41E2-87CF-7D9F7AD69A04}.Release|Mixed Platforms.Deploy.0 = Release|Windows Mobile 5.0 Pocket PC SDK (ARMV4I)
		{F2AE2BDD-9224-41E2-87CF-7D9F7AD69A04}.Release|Pocket PC 2003 (ARMV4).ActiveCfg = Release|Pocket PC 2003 (ARMV4)
		{F2AE2BDD-9224-41E2-87CF-7D9F7AD69A04}.Release|Pocket PC 2003 (ARMV4).Build.0 = Release|Pocket PC 2003 (ARMV4)
		{F2AE2BDD-9224-41E2-87CF-7D9F7AD69A04}.Release|Pocket PC 2003 (ARMV4).Deploy.0 = Release|Pocket PC 2003 (ARMV4)
		{F2AE2BDD-9224-41E2-87CF-7D9F7AD69A04}.Release|Win32.ActiveCfg = Release|Windows Mobile 5.0 Pocket PC SDK (ARMV4I)
		{F2AE2BDD-9224-41E2-87CF-7D9F7AD69A04}.Release|Windows Mobile 5.0 Pocket PC SDK (ARMV4I).ActiveCfg = Release|Windows Mobile 5.0 Pocket PC SDK (ARMV4I)
		{F2AE2BDD-9224-41E2-87CF-7D9F7AD69A04}.Release|Windows Mobile 5.0 Pocket PC SDK (ARMV4I).Build.0 = Release|Windows Mobile 5.0 Pocket PC SDK (ARMV4I)
		{F2AE2BDD-9224-41E2-87CF-7D9F7AD69A04}.Release|Windows Mobile 5.0 Pocket PC SDK (ARMV4I).Deploy.0 = Release|Windows Mobile 5.0 Pocket PC SDK (ARMV4I)
	EndGlobalSection
	GlobalSection(SolutionProperties) = preSolution
		HideSolutionNode = FALSE
	EndGlobalSection
	GlobalSection(NestedProjects) = preSolution
		{AF78E351-2A6C-433C-979E-16E95EA048D9} = {06E81E78-0EAD-4F56-9700-DD505EC6EEF3}
		{95A2D8A7-497C-4B00-B84A-0498B3EEE093} = {06E81E78-0EAD-4F56-9700-DD505EC6EEF3}
		{70B7D498-EC2F-474E-AE52-7A56100200F7} = {06E81E78-0EAD-4F56-9700-DD505EC6EEF3}
		{95DD7727-165E-4957-96C6-59DD087C1C4F} = {FEE62F5D-9FAC-4B8B-A082-486ADFA8AA4D}
		{2357E1F5-99F4-486F-84BF-B0D95B3E0F23} = {FEE62F5D-9FAC-4B8B-A082-486ADFA8AA4D}
		{AE151EAD-C84B-4BE6-B486-E41F60675FDF} = {FEE62F5D-9FAC-4B8B-A082-486ADFA8AA4D}
		{5C8BBFFB-FF3B-4847-8A07-ABD7AF59F587} = {FEE62F5D-9FAC-4B8B-A082-486ADFA8AA4D}
		{F2AE2BDD-9224-41E2-87CF-7D9F7AD69A04} = {FEE62F5D-9FAC-4B8B-A082-486ADFA8AA4D}
	EndGlobalSection
EndGlobal
